// !$*UTF8*$!
{
	archiveVersion = 1;
	classes = {
	};
	objectVersion = 46;
	objects = {

/* Begin PBXBuildFile section */
		1D0FDEDF1EBF0F6D00B774EE /* main.m in Sources */ = {isa = PBXBuildFile; fileRef = 1D0FDEDE1EBF0F6D00B774EE /* main.m */; };
		1D0FDEE21EBF0F6D00B774EE /* AppDelegate.m in Sources */ = {isa = PBXBuildFile; fileRef = 1D0FDEE11EBF0F6D00B774EE /* AppDelegate.m */; };
		1D0FDEE51EBF0F6D00B774EE /* ViewController.m in Sources */ = {isa = PBXBuildFile; fileRef = 1D0FDEE41EBF0F6D00B774EE /* ViewController.m */; };
		1D0FDEE81EBF0F6D00B774EE /* Main.storyboard in Resources */ = {isa = PBXBuildFile; fileRef = 1D0FDEE61EBF0F6D00B774EE /* Main.storyboard */; };
		1D0FDEEA1EBF0F6D00B774EE /* Assets.xcassets in Resources */ = {isa = PBXBuildFile; fileRef = 1D0FDEE91EBF0F6D00B774EE /* Assets.xcassets */; };
		1D0FDEED1EBF0F6D00B774EE /* LaunchScreen.storyboard in Resources */ = {isa = PBXBuildFile; fileRef = 1D0FDEEB1EBF0F6D00B774EE /* LaunchScreen.storyboard */; };
		1D0FDEF81EBF0F6D00B774EE /* ___Tests.m in Sources */ = {isa = PBXBuildFile; fileRef = 1D0FDEF71EBF0F6D00B774EE /* ___Tests.m */; };
		1D0FDF031EBF0F6D00B774EE /* ___UITests.m in Sources */ = {isa = PBXBuildFile; fileRef = 1D0FDF021EBF0F6D00B774EE /* ___UITests.m */; };
		B01B67348D2AC349C5008EE3 /* libPods-爱鲜蜂.a in Frameworks */ = {isa = PBXBuildFile; fileRef = 78AB813D1D0A007B0AE21D8F /* libPods-爱鲜蜂.a */; };
/* End PBXBuildFile section */

/* Begin PBXContainerItemProxy section */
		1D0FDEF41EBF0F6D00B774EE /* PBXContainerItemProxy */ = {
			isa = PBXContainerItemProxy;
			containerPortal = 1D0FDED21EBF0F6D00B774EE /* Project object */;
			proxyType = 1;
			remoteGlobalIDString = 1D0FDED91EBF0F6D00B774EE;
			remoteInfo = "爱鲜蜂";
		};
		1D0FDEFF1EBF0F6D00B774EE /* PBXContainerItemProxy */ = {
			isa = PBXContainerItemProxy;
			containerPortal = 1D0FDED21EBF0F6D00B774EE /* Project object */;
			proxyType = 1;
			remoteGlobalIDString = 1D0FDED91EBF0F6D00B774EE;
			remoteInfo = "爱鲜蜂";
		};
/* End PBXContainerItemProxy section */

/* Begin PBXFileReference section */
		01566B4DF8829BC92960A95E /* Pods-爱鲜蜂.release.xcconfig */ = {isa = PBXFileReference; includeInIndex = 1; lastKnownFileType = text.xcconfig; name = "Pods-爱鲜蜂.release.xcconfig"; path = "Pods/Target Support Files/Pods-爱鲜蜂/Pods-爱鲜蜂.release.xcconfig"; sourceTree = "<group>"; };
		0DDF3C2713D028E0A457564A /* libPods-爱鲜蜂UITests.a */ = {isa = PBXFileReference; explicitFileType = archive.ar; includeInIndex = 0; path = "libPods-爱鲜蜂UITests.a"; sourceTree = BUILT_PRODUCTS_DIR; };
		1D0FDEDA1EBF0F6D00B774EE /* 爱鲜蜂.app */ = {isa = PBXFileReference; explicitFileType = wrapper.application; includeInIndex = 0; path = "爱鲜蜂.app"; sourceTree = BUILT_PRODUCTS_DIR; };
		1D0FDEDE1EBF0F6D00B774EE /* main.m */ = {isa = PBXFileReference; lastKnownFileType = sourcecode.c.objc; path = main.m; sourceTree = "<group>"; };
		1D0FDEE01EBF0F6D00B774EE /* AppDelegate.h */ = {isa = PBXFileReference; lastKnownFileType = sourcecode.c.h; path = AppDelegate.h; sourceTree = "<group>"; };
		1D0FDEE11EBF0F6D00B774EE /* AppDelegate.m */ = {isa = PBXFileReference; lastKnownFileType = sourcecode.c.objc; path = AppDelegate.m; sourceTree = "<group>"; };
		1D0FDEE31EBF0F6D00B774EE /* ViewController.h */ = {isa = PBXFileReference; lastKnownFileType = sourcecode.c.h; path = ViewController.h; sourceTree = "<group>"; };
		1D0FDEE41EBF0F6D00B774EE /* ViewController.m */ = {isa = PBXFileReference; lastKnownFileType = sourcecode.c.objc; path = ViewController.m; sourceTree = "<group>"; };
		1D0FDEE71EBF0F6D00B774EE /* Base */ = {isa = PBXFileReference; lastKnownFileType = file.storyboard; name = Base; path = Base.lproj/Main.storyboard; sourceTree = "<group>"; };
		1D0FDEE91EBF0F6D00B774EE /* Assets.xcassets */ = {isa = PBXFileReference; lastKnownFileType = folder.assetcatalog; path = Assets.xcassets; sourceTree = "<group>"; };
		1D0FDEEC1EBF0F6D00B774EE /* Base */ = {isa = PBXFileReference; lastKnownFileType = file.storyboard; name = Base; path = Base.lproj/LaunchScreen.storyboard; sourceTree = "<group>"; };
		1D0FDEEE1EBF0F6D00B774EE /* Info.plist */ = {isa = PBXFileReference; lastKnownFileType = text.plist.xml; path = Info.plist; sourceTree = "<group>"; };
		1D0FDEF31EBF0F6D00B774EE /* 爱鲜蜂Tests.xctest */ = {isa = PBXFileReference; explicitFileType = wrapper.cfbundle; includeInIndex = 0; path = "爱鲜蜂Tests.xctest"; sourceTree = BUILT_PRODUCTS_DIR; };
		1D0FDEF71EBF0F6D00B774EE /* ___Tests.m */ = {isa = PBXFileReference; lastKnownFileType = sourcecode.c.objc; path = ___Tests.m; sourceTree = "<group>"; };
		1D0FDEF91EBF0F6D00B774EE /* Info.plist */ = {isa = PBXFileReference; lastKnownFileType = text.plist.xml; path = Info.plist; sourceTree = "<group>"; };
		1D0FDEFE1EBF0F6D00B774EE /* 爱鲜蜂UITests.xctest */ = {isa = PBXFileReference; explicitFileType = wrapper.cfbundle; includeInIndex = 0; path = "爱鲜蜂UITests.xctest"; sourceTree = BUILT_PRODUCTS_DIR; };
		1D0FDF021EBF0F6D00B774EE /* ___UITests.m */ = {isa = PBXFileReference; lastKnownFileType = sourcecode.c.objc; path = ___UITests.m; sourceTree = "<group>"; };
		1D0FDF041EBF0F6D00B774EE /* Info.plist */ = {isa = PBXFileReference; lastKnownFileType = text.plist.xml; path = Info.plist; sourceTree = "<group>"; };
		2E2C3D43E1E7CF34FC08B863 /* Pods-爱鲜蜂.debug.xcconfig */ = {isa = PBXFileReference; includeInIndex = 1; lastKnownFileType = text.xcconfig; name = "Pods-爱鲜蜂.debug.xcconfig"; path = "Pods/Target Support Files/Pods-爱鲜蜂/Pods-爱鲜蜂.debug.xcconfig"; sourceTree = "<group>"; };
		78AB813D1D0A007B0AE21D8F /* libPods-爱鲜蜂.a */ = {isa = PBXFileReference; explicitFileType = archive.ar; includeInIndex = 0; path = "libPods-爱鲜蜂.a"; sourceTree = BUILT_PRODUCTS_DIR; };
		ED383F40D795C62ECBDEB3C9 /* libPods-爱鲜蜂Tests.a */ = {isa = PBXFileReference; explicitFileType = archive.ar; includeInIndex = 0; path = "libPods-爱鲜蜂Tests.a"; sourceTree = BUILT_PRODUCTS_DIR; };
/* End PBXFileReference section */

/* Begin PBXFrameworksBuildPhase section */
		1D0FDED71EBF0F6D00B774EE /* Frameworks */ = {
			isa = PBXFrameworksBuildPhase;
			buildActionMask = 2147483647;
			files = (
				B01B67348D2AC349C5008EE3 /* libPods-爱鲜蜂.a in Frameworks */,
			);
			runOnlyForDeploymentPostprocessing = 0;
		};
		1D0FDEF01EBF0F6D00B774EE /* Frameworks */ = {
			isa = PBXFrameworksBuildPhase;
			buildActionMask = 2147483647;
			files = (
			);
			runOnlyForDeploymentPostprocessing = 0;
		};
		1D0FDEFB1EBF0F6D00B774EE /* Frameworks */ = {
			isa = PBXFrameworksBuildPhase;
			buildActionMask = 2147483647;
			files = (
			);
			runOnlyForDeploymentPostprocessing = 0;
		};
/* End PBXFrameworksBuildPhase section */

/* Begin PBXGroup section */
		1D0FDED11EBF0F6D00B774EE = {
			isa = PBXGroup;
			children = (
				1D0FDEDC1EBF0F6D00B774EE /* 爱鲜蜂 */,
				1D0FDEF61EBF0F6D00B774EE /* 爱鲜蜂Tests */,
				1D0FDF011EBF0F6D00B774EE /* 爱鲜蜂UITests */,
				1D0FDEDB1EBF0F6D00B774EE /* Products */,
				E36A90747015B2FEAF8D8396 /* Pods */,
				E2F31F7A1289B3E47501DC4A /* Frameworks */,
			);
			sourceTree = "<group>";
		};
		1D0FDEDB1EBF0F6D00B774EE /* Products */ = {
			isa = PBXGroup;
			children = (
				1D0FDEDA1EBF0F6D00B774EE /* 爱鲜蜂.app */,
				1D0FDEF31EBF0F6D00B774EE /* 爱鲜蜂Tests.xctest */,
				1D0FDEFE1EBF0F6D00B774EE /* 爱鲜蜂UITests.xctest */,
			);
			name = Products;
			sourceTree = "<group>";
		};
		1D0FDEDC1EBF0F6D00B774EE /* 爱鲜蜂 */ = {
			isa = PBXGroup;
			children = (
				1D0FDEE01EBF0F6D00B774EE /* AppDelegate.h */,
				1D0FDEE11EBF0F6D00B774EE /* AppDelegate.m */,
				1D0FDEE31EBF0F6D00B774EE /* ViewController.h */,
				1D0FDEE41EBF0F6D00B774EE /* ViewController.m */,
				1D0FDEE61EBF0F6D00B774EE /* Main.storyboard */,
				1D0FDEE91EBF0F6D00B774EE /* Assets.xcassets */,
				1D0FDEEB1EBF0F6D00B774EE /* LaunchScreen.storyboard */,
				1D0FDEEE1EBF0F6D00B774EE /* Info.plist */,
				1D0FDEDD1EBF0F6D00B774EE /* Supporting Files */,
			);
			path = "爱鲜蜂";
			sourceTree = "<group>";
		};
		1D0FDEDD1EBF0F6D00B774EE /* Supporting Files */ = {
			isa = PBXGroup;
			children = (
				1D0FDEDE1EBF0F6D00B774EE /* main.m */,
			);
			name = "Supporting Files";
			sourceTree = "<group>";
		};
		1D0FDEF61EBF0F6D00B774EE /* 爱鲜蜂Tests */ = {
			isa = PBXGroup;
			children = (
				1D0FDEF71EBF0F6D00B774EE /* ___Tests.m */,
				1D0FDEF91EBF0F6D00B774EE /* Info.plist */,
			);
			path = "爱鲜蜂Tests";
			sourceTree = "<group>";
		};
		1D0FDF011EBF0F6D00B774EE /* 爱鲜蜂UITests */ = {
			isa = PBXGroup;
			children = (
				1D0FDF021EBF0F6D00B774EE /* ___UITests.m */,
				1D0FDF041EBF0F6D00B774EE /* Info.plist */,
			);
			path = "爱鲜蜂UITests";
			sourceTree = "<group>";
		};
		E2F31F7A1289B3E47501DC4A /* Frameworks */ = {
			isa = PBXGroup;
			children = (
				78AB813D1D0A007B0AE21D8F /* libPods-爱鲜蜂.a */,
				ED383F40D795C62ECBDEB3C9 /* libPods-爱鲜蜂Tests.a */,
				0DDF3C2713D028E0A457564A /* libPods-爱鲜蜂UITests.a */,
			);
			name = Frameworks;
			sourceTree = "<group>";
		};
		E36A90747015B2FEAF8D8396 /* Pods */ = {
			isa = PBXGroup;
			children = (
				2E2C3D43E1E7CF34FC08B863 /* Pods-爱鲜蜂.debug.xcconfig */,
				01566B4DF8829BC92960A95E /* Pods-爱鲜蜂.release.xcconfig */,
			);
			name = Pods;
			sourceTree = "<group>";
		};
/* End PBXGroup section */

/* Begin PBXNativeTarget section */
		1D0FDED91EBF0F6D00B774EE /* 爱鲜蜂 */ = {
			isa = PBXNativeTarget;
			buildConfigurationList = 1D0FDF071EBF0F6D00B774EE /* Build configuration list for PBXNativeTarget "爱鲜蜂" */;
			buildPhases = (
				995979D7C55691D3B59DFC51 /* [CP] Check Pods Manifest.lock */,
				1D0FDED61EBF0F6D00B774EE /* Sources */,
				1D0FDED71EBF0F6D00B774EE /* Frameworks */,
				1D0FDED81EBF0F6D00B774EE /* Resources */,
				5BDB965E15F14E9FCCEE90C3 /* [CP] Embed Pods Frameworks */,
				C0F15B6D28AD735AAA25A413 /* [CP] Copy Pods Resources */,
			);
			buildRules = (
			);
			dependencies = (
			);
			name = "爱鲜蜂";
			productName = "爱鲜蜂";
			productReference = 1D0FDEDA1EBF0F6D00B774EE /* 爱鲜蜂.app */;
			productType = "com.apple.product-type.application";
		};
		1D0FDEF21EBF0F6D00B774EE /* 爱鲜蜂Tests */ = {
			isa = PBXNativeTarget;
			buildConfigurationList = 1D0FDF0A1EBF0F6D00B774EE /* Build configuration list for PBXNativeTarget "爱鲜蜂Tests" */;
			buildPhases = (
				1D0FDEEF1EBF0F6D00B774EE /* Sources */,
				1D0FDEF01EBF0F6D00B774EE /* Frameworks */,
				1D0FDEF11EBF0F6D00B774EE /* Resources */,
			);
			buildRules = (
			);
			dependencies = (
				1D0FDEF51EBF0F6D00B774EE /* PBXTargetDependency */,
			);
			name = "爱鲜蜂Tests";
			productName = "爱鲜蜂Tests";
			productReference = 1D0FDEF31EBF0F6D00B774EE /* 爱鲜蜂Tests.xctest */;
			productType = "com.apple.product-type.bundle.unit-test";
		};
		1D0FDEFD1EBF0F6D00B774EE /* 爱鲜蜂UITests */ = {
			isa = PBXNativeTarget;
			buildConfigurationList = 1D0FDF0D1EBF0F6D00B774EE /* Build configuration list for PBXNativeTarget "爱鲜蜂UITests" */;
			buildPhases = (
				1D0FDEFA1EBF0F6D00B774EE /* Sources */,
				1D0FDEFB1EBF0F6D00B774EE /* Frameworks */,
				1D0FDEFC1EBF0F6D00B774EE /* Resources */,
			);
			buildRules = (
			);
			dependencies = (
				1D0FDF001EBF0F6D00B774EE /* PBXTargetDependency */,
			);
			name = "爱鲜蜂UITests";
			productName = "爱鲜蜂UITests";
			productReference = 1D0FDEFE1EBF0F6D00B774EE /* 爱鲜蜂UITests.xctest */;
			productType = "com.apple.product-type.bundle.ui-testing";
		};
/* End PBXNativeTarget section */

/* Begin PBXProject section */
		1D0FDED21EBF0F6D00B774EE /* Project object */ = {
			isa = PBXProject;
			attributes = {
				LastUpgradeCheck = 0830;
				ORGANIZATIONNAME = "醉看红尘这场梦";
				TargetAttributes = {
					1D0FDED91EBF0F6D00B774EE = {
						CreatedOnToolsVersion = 8.3.2;
						DevelopmentTeam = C4R9UP276A;
						ProvisioningStyle = Automatic;
					};
					1D0FDEF21EBF0F6D00B774EE = {
						CreatedOnToolsVersion = 8.3.2;
						DevelopmentTeam = C4R9UP276A;
						ProvisioningStyle = Automatic;
						TestTargetID = 1D0FDED91EBF0F6D00B774EE;
					};
					1D0FDEFD1EBF0F6D00B774EE = {
						CreatedOnToolsVersion = 8.3.2;
						DevelopmentTeam = C4R9UP276A;
						ProvisioningStyle = Automatic;
						TestTargetID = 1D0FDED91EBF0F6D00B774EE;
					};
				};
			};
			buildConfigurationList = 1D0FDED51EBF0F6D00B774EE /* Build configuration list for PBXProject "爱鲜蜂" */;
			compatibilityVersion = "Xcode 3.2";
			developmentRegion = English;
			hasScannedForEncodings = 0;
			knownRegions = (
				en,
				Base,
			);
			mainGroup = 1D0FDED11EBF0F6D00B774EE;
			productRefGroup = 1D0FDEDB1EBF0F6D00B774EE /* Products */;
			projectDirPath = "";
			projectRoot = "";
			targets = (
				1D0FDED91EBF0F6D00B774EE /* 爱鲜蜂 */,
				1D0FDEF21EBF0F6D00B774EE /* 爱鲜蜂Tests */,
				1D0FDEFD1EBF0F6D00B774EE /* 爱鲜蜂UITests */,
			);
		};
/* End PBXProject section */

/* Begin PBXResourcesBuildPhase section */
		1D0FDED81EBF0F6D00B774EE /* Resources */ = {
			isa = PBXResourcesBuildPhase;
			buildActionMask = 2147483647;
			files = (
				1D0FDEED1EBF0F6D00B774EE /* LaunchScreen.storyboard in Resources */,
				1D0FDEEA1EBF0F6D00B774EE /* Assets.xcassets in Resources */,
				1D0FDEE81EBF0F6D00B774EE /* Main.storyboard in Resources */,
			);
			runOnlyForDeploymentPostprocessing = 0;
		};
		1D0FDEF11EBF0F6D00B774EE /* Resources */ = {
			isa = PBXResourcesBuildPhase;
			buildActionMask = 2147483647;
			files = (
			);
			runOnlyForDeploymentPostprocessing = 0;
		};
		1D0FDEFC1EBF0F6D00B774EE /* Resources */ = {
			isa = PBXResourcesBuildPhase;
			buildActionMask = 2147483647;
			files = (
			);
			runOnlyForDeploymentPostprocessing = 0;
		};
/* End PBXResourcesBuildPhase section */

/* Begin PBXShellScriptBuildPhase section */
		5BDB965E15F14E9FCCEE90C3 /* [CP] Embed Pods Frameworks */ = {
			isa = PBXShellScriptBuildPhase;
			buildActionMask = 2147483647;
			files = (
			);
			inputPaths = (
			);
			name = "[CP] Embed Pods Frameworks";
			outputPaths = (
			);
			runOnlyForDeploymentPostprocessing = 0;
			shellPath = /bin/sh;
			shellScript = "\"${SRCROOT}/Pods/Target Support Files/Pods-爱鲜蜂/Pods-爱鲜蜂-frameworks.sh\"\n";
			showEnvVarsInLog = 0;
		};
		995979D7C55691D3B59DFC51 /* [CP] Check Pods Manifest.lock */ = {
			isa = PBXShellScriptBuildPhase;
			buildActionMask = 2147483647;
			files = (
			);
			inputPaths = (
			);
			name = "[CP] Check Pods Manifest.lock";
			outputPaths = (
			);
			runOnlyForDeploymentPostprocessing = 0;
			shellPath = /bin/sh;
			shellScript = "diff \"${PODS_PODFILE_DIR_PATH}/Podfile.lock\" \"${PODS_ROOT}/Manifest.lock\" > /dev/null\nif [ $? != 0 ] ; then\n    # print error to STDERR\n    echo \"error: The sandbox is not in sync with the Podfile.lock. Run 'pod install' or update your CocoaPods installation.\" >&2\n    exit 1\nfi\n";
			showEnvVarsInLog = 0;
		};
		C0F15B6D28AD735AAA25A413 /* [CP] Copy Pods Resources */ = {
			isa = PBXShellScriptBuildPhase;
			buildActionMask = 2147483647;
			files = (
			);
			inputPaths = (
			);
			name = "[CP] Copy Pods Resources";
			outputPaths = (
			);
			runOnlyForDeploymentPostprocessing = 0;
			shellPath = /bin/sh;
			shellScript = "\"${SRCROOT}/Pods/Target Support Files/Pods-爱鲜蜂/Pods-爱鲜蜂-resources.sh\"\n";
			showEnvVarsInLog = 0;
		};
/* End PBXShellScriptBuildPhase section */

/* Begin PBXSourcesBuildPhase section */
		1D0FDED61EBF0F6D00B774EE /* Sources */ = {
			isa = PBXSourcesBuildPhase;
			buildActionMask = 2147483647;
			files = (
				1D0FDEE51EBF0F6D00B774EE /* ViewController.m in Sources */,
				1D0FDEE21EBF0F6D00B774EE /* AppDelegate.m in Sources */,
				1D0FDEDF1EBF0F6D00B774EE /* main.m in Sources */,
			);
			runOnlyForDeploymentPostprocessing = 0;
		};
		1D0FDEEF1EBF0F6D00B774EE /* Sources */ = {
			isa = PBXSourcesBuildPhase;
			buildActionMask = 2147483647;
			files = (
				1D0FDEF81EBF0F6D00B774EE /* ___Tests.m in Sources */,
			);
			runOnlyForDeploymentPostprocessing = 0;
		};
		1D0FDEFA1EBF0F6D00B774EE /* Sources */ = {
			isa = PBXSourcesBuildPhase;
			buildActionMask = 2147483647;
			files = (
				1D0FDF031EBF0F6D00B774EE /* ___UITests.m in Sources */,
			);
			runOnlyForDeploymentPostprocessing = 0;
		};
/* End PBXSourcesBuildPhase section */

/* Begin PBXTargetDependency section */
		1D0FDEF51EBF0F6D00B774EE /* PBXTargetDependency */ = {
			isa = PBXTargetDependency;
			target = 1D0FDED91EBF0F6D00B774EE /* 爱鲜蜂 */;
			targetProxy = 1D0FDEF41EBF0F6D00B774EE /* PBXContainerItemProxy */;
		};
		1D0FDF001EBF0F6D00B774EE /* PBXTargetDependency */ = {
			isa = PBXTargetDependency;
			target = 1D0FDED91EBF0F6D00B774EE /* 爱鲜蜂 */;
			targetProxy = 1D0FDEFF1EBF0F6D00B774EE /* PBXContainerItemProxy */;
		};
/* End PBXTargetDependency section */

/* Begin PBXVariantGroup section */
		1D0FDEE61EBF0F6D00B774EE /* Main.storyboard */ = {
			isa = PBXVariantGroup;
			children = (
				1D0FDEE71EBF0F6D00B774EE /* Base */,
			);
			name = Main.storyboard;
			sourceTree = "<group>";
		};
		1D0FDEEB1EBF0F6D00B774EE /* LaunchScreen.storyboard */ = {
			isa = PBXVariantGroup;
			children = (
				1D0FDEEC1EBF0F6D00B774EE /* Base */,
			);
			name = LaunchScreen.storyboard;
			sourceTree = "<group>";
		};
/* End PBXVariantGroup section */

/* Begin XCBuildConfiguration section */
		1D0FDF051EBF0F6D00B774EE /* Debug */ = {
			isa = XCBuildConfiguration;
			buildSettings = {
				ALWAYS_SEARCH_USER_PATHS = NO;
				CLANG_ANALYZER_NONNULL = YES;
				CLANG_ANALYZER_NUMBER_OBJECT_CONVERSION = YES_AGGRESSIVE;
				CLANG_CXX_LANGUAGE_STANDARD = "gnu++0x";
				CLANG_CXX_LIBRARY = "libc++";
				CLANG_ENABLE_MODULES = YES;
				CLANG_ENABLE_OBJC_ARC = YES;
				CLANG_WARN_BOOL_CONVERSION = YES;
				CLANG_WARN_CONSTANT_CONVERSION = YES;
				CLANG_WARN_DIRECT_OBJC_ISA_USAGE = YES_ERROR;
				CLANG_WARN_DOCUMENTATION_COMMENTS = YES;
				CLANG_WARN_EMPTY_BODY = YES;
				CLANG_WARN_ENUM_CONVERSION = YES;
				CLANG_WARN_INFINITE_RECURSION = YES;
				CLANG_WARN_INT_CONVERSION = YES;
				CLANG_WARN_OBJC_ROOT_CLASS = YES_ERROR;
				CLANG_WARN_SUSPICIOUS_MOVE = YES;
				CLANG_WARN_UNREACHABLE_CODE = YES;
				CLANG_WARN__DUPLICATE_METHOD_MATCH = YES;
				"CODE_SIGN_IDENTITY[sdk=iphoneos*]" = "iPhone Developer";
				COPY_PHASE_STRIP = NO;
				DEBUG_INFORMATION_FORMAT = dwarf;
				ENABLE_STRICT_OBJC_MSGSEND = YES;
				ENABLE_TESTABILITY = YES;
				GCC_C_LANGUAGE_STANDARD = gnu99;
				GCC_DYNAMIC_NO_PIC = NO;
				GCC_NO_COMMON_BLOCKS = YES;
				GCC_OPTIMIZATION_LEVEL = 0;
				GCC_PREPROCESSOR_DEFINITIONS = (
					"DEBUG=1",
					"$(inherited)",
				);
				GCC_WARN_64_TO_32_BIT_CONVERSION = YES;
				GCC_WARN_ABOUT_RETURN_TYPE = YES_ERROR;
				GCC_WARN_UNDECLARED_SELECTOR = YES;
				GCC_WARN_UNINITIALIZED_AUTOS = YES_AGGRESSIVE;
				GCC_WARN_UNUSED_FUNCTION = YES;
				GCC_WARN_UNUSED_VARIABLE = YES;
				IPHONEOS_DEPLOYMENT_TARGET = 10.3;
				MTL_ENABLE_DEBUG_INFO = YES;
				ONLY_ACTIVE_ARCH = YES;
				SDKROOT = iphoneos;
			};
			name = Debug;
		};
		1D0FDF061EBF0F6D00B774EE /* Release */ = {
			isa = XCBuildConfiguration;
			buildSettings = {
				ALWAYS_SEARCH_USER_PATHS = NO;
				CLANG_ANALYZER_NONNULL = YES;
				CLANG_ANALYZER_NUMBER_OBJECT_CONVERSION = YES_AGGRESSIVE;
				CLANG_CXX_LANGUAGE_STANDARD = "gnu++0x";
				CLANG_CXX_LIBRARY = "libc++";
				CLANG_ENABLE_MODULES = YES;
				CLANG_ENABLE_OBJC_ARC = YES;
				CLANG_WARN_BOOL_CONVERSION = YES;
				CLANG_WARN_CONSTANT_CONVERSION = YES;
				CLANG_WARN_DIRECT_OBJC_ISA_USAGE = YES_ERROR;
				CLANG_WARN_DOCUMENTATION_COMMENTS = YES;
				CLANG_WARN_EMPTY_BODY = YES;
				CLANG_WARN_ENUM_CONVERSION = YES;
				CLANG_WARN_INFINITE_RECURSION = YES;
				CLANG_WARN_INT_CONVERSION = YES;
				CLANG_WARN_OBJC_ROOT_CLASS = YES_ERROR;
				CLANG_WARN_SUSPICIOUS_MOVE = YES;
				CLANG_WARN_UNREACHABLE_CODE = YES;
				CLANG_WARN__DUPLICATE_METHOD_MATCH = YES;
				"CODE_SIGN_IDENTITY[sdk=iphoneos*]" = "iPhone Developer";
				COPY_PHASE_STRIP = NO;
				DEBUG_INFORMATION_FORMAT = "dwarf-with-dsym";
				ENABLE_NS_ASSERTIONS = NO;
				ENABLE_STRICT_OBJC_MSGSEND = YES;
				GCC_C_LANGUAGE_STANDARD = gnu99;
				GCC_NO_COMMON_BLOCKS = YES;
				GCC_WARN_64_TO_32_BIT_CONVERSION = YES;
				GCC_WARN_ABOUT_RETURN_TYPE = YES_ERROR;
				GCC_WARN_UNDECLARED_SELECTOR = YES;
				GCC_WARN_UNINITIALIZED_AUTOS = YES_AGGRESSIVE;
				GCC_WARN_UNUSED_FUNCTION = YES;
				GCC_WARN_UNUSED_VARIABLE = YES;
				IPHONEOS_DEPLOYMENT_TARGET = 10.3;
				MTL_ENABLE_DEBUG_INFO = NO;
				SDKROOT = iphoneos;
				VALIDATE_PRODUCT = YES;
			};
			name = Release;
		};
		1D0FDF081EBF0F6D00B774EE /* Debug */ = {
			isa = XCBuildConfiguration;
			baseConfigurationReference = 2E2C3D43E1E7CF34FC08B863 /* Pods-爱鲜蜂.debug.xcconfig */;
			buildSettings = {
				ASSETCATALOG_COMPILER_APPICON_NAME = AppIcon;
				ASSETCATALOG_COMPILER_LAUNCHIMAGE_NAME = BrandAsset;
				DEVELOPMENT_TEAM = C4R9UP276A;
				INFOPLIST_FILE = "爱鲜蜂/Info.plist";
				LD_RUNPATH_SEARCH_PATHS = "$(inherited) @executable_path/Frameworks";
				PRODUCT_BUNDLE_IDENTIFIER = "com.cn.qjl.---";
				PRODUCT_NAME = "$(TARGET_NAME)";
			};
			name = Debug;
		};
		1D0FDF091EBF0F6D00B774EE /* Release */ = {
			isa = XCBuildConfiguration;
			baseConfigurationReference = 01566B4DF8829BC92960A95E /* Pods-爱鲜蜂.release.xcconfig */;
			buildSettings = {
				ASSETCATALOG_COMPILER_APPICON_NAME = AppIcon;
				ASSETCATALOG_COMPILER_LAUNCHIMAGE_NAME = BrandAsset;
				DEVELOPMENT_TEAM = C4R9UP276A;
				INFOPLIST_FILE = "爱鲜蜂/Info.plist";
				LD_RUNPATH_SEARCH_PATHS = "$(inherited) @executable_path/Frameworks";
				PRODUCT_BUNDLE_IDENTIFIER = "com.cn.qjl.---";
				PRODUCT_NAME = "$(TARGET_NAME)";
			};
			name = Release;
		};
		1D0FDF0B1EBF0F6D00B774EE /* Debug */ = {
			isa = XCBuildConfiguration;
			buildSettings = {
				BUNDLE_LOADER = "$(TEST_HOST)";
				DEVELOPMENT_TEAM = C4R9UP276A;
				INFOPLIST_FILE = "爱鲜蜂Tests/Info.plist";
				LD_RUNPATH_SEARCH_PATHS = "$(inherited) @executable_path/Frameworks @loader_path/Frameworks";
				PRODUCT_BUNDLE_IDENTIFIER = "com.cn.qjl.---Tests";
				PRODUCT_NAME = "$(TARGET_NAME)";
				TEST_HOST = "$(BUILT_PRODUCTS_DIR)/爱鲜蜂.app/爱鲜蜂";
			};
			name = Debug;
		};
		1D0FDF0C1EBF0F6D00B774EE /* Release */ = {
			isa = XCBuildConfiguration;
			buildSettings = {
				BUNDLE_LOADER = "$(TEST_HOST)";
				DEVELOPMENT_TEAM = C4R9UP276A;
				INFOPLIST_FILE = "爱鲜蜂Tests/Info.plist";
				LD_RUNPATH_SEARCH_PATHS = "$(inherited) @executable_path/Frameworks @loader_path/Frameworks";
				PRODUCT_BUNDLE_IDENTIFIER = "com.cn.qjl.---Tests";
				PRODUCT_NAME = "$(TARGET_NAME)";
				TEST_HOST = "$(BUILT_PRODUCTS_DIR)/爱鲜蜂.app/爱鲜蜂";
			};
			name = Release;
		};
		1D0FDF0E1EBF0F6D00B774EE /* Debug */ = {
			isa = XCBuildConfiguration;
			buildSettings = {
				DEVELOPMENT_TEAM = C4R9UP276A;
				INFOPLIST_FILE = "爱鲜蜂UITests/Info.plist";
				LD_RUNPATH_SEARCH_PATHS = "$(inherited) @executable_path/Frameworks @loader_path/Frameworks";
				PRODUCT_BUNDLE_IDENTIFIER = "com.cn.qjl.---UITests";
				PRODUCT_NAME = "$(TARGET_NAME)";
				TEST_TARGET_NAME = "爱鲜蜂";
			};
			name = Debug;
		};
		1D0FDF0F1EBF0F6D00B774EE /* Release */ = {
			isa = XCBuildConfiguration;
			buildSettings = {
				DEVELOPMENT_TEAM = C4R9UP276A;
				INFOPLIST_FILE = "爱鲜蜂UITests/Info.plist";
				LD_RUNPATH_SEARCH_PATHS = "$(inherited) @executable_path/Frameworks @loader_path/Frameworks";
				PRODUCT_BUNDLE_IDENTIFIER = "com.cn.qjl.---UITests";
				PRODUCT_NAME = "$(TARGET_NAME)";
				TEST_TARGET_NAME = "爱鲜蜂";
			};
			name = Release;
		};
/* End XCBuildConfiguration section */

/* Begin XCConfigurationList section */
		1D0FDED51EBF0F6D00B774EE /* Build configuration list for PBXProject "爱鲜蜂" */ = {
			isa = XCConfigurationList;
			buildConfigurations = (
				1D0FDF051EBF0F6D00B774EE /* Debug */,
				1D0FDF061EBF0F6D00B774EE /* Release */,
			);
			defaultConfigurationIsVisible = 0;
			defaultConfigurationName = Release;
		};
		1D0FDF071EBF0F6D00B774EE /* Build configuration list for PBXNativeTarget "爱鲜蜂" */ = {
			isa = XCConfigurationList;
			buildConfigurations = (
				1D0FDF081EBF0F6D00B774EE /* Debug */,
				1D0FDF091EBF0F6D00B774EE /* Release */,
			);
			defaultConfigurationIsVisible = 0;
			defaultConfigurationName = Release;
		};
		1D0FDF0A1EBF0F6D00B774EE /* Build configuration list for PBXNativeTarget "爱鲜蜂Tests" */ = {
			isa = XCConfigurationList;
			buildConfigurations = (
				1D0FDF0B1EBF0F6D00B774EE /* Debug */,
				1D0FDF0C1EBF0F6D00B774EE /* Release */,
			);
			defaultConfigurationIsVisible = 0;
			defaultConfigurationName = Release;
		};
		1D0FDF0D1EBF0F6D00B774EE /* Build configuration list for PBXNativeTarget "爱鲜蜂UITests" */ = {
			isa = XCConfigurationList;
			buildConfigurations = (
				1D0FDF0E1EBF0F6D00B774EE /* Debug */,
				1D0FDF0F1EBF0F6D00B774EE /* Release */,
			);
			defaultConfigurationIsVisible = 0;
			defaultConfigurationName = Release;
		};
/* End XCConfigurationList section */
	};
	rootObject = 1D0FDED21EBF0F6D00B774EE /* Project object */;
}
