// !$*UTF8*$!
{
	archiveVersion = 1;
	classes = {
	};
	objectVersion = 46;
	objects = {

/* Begin PBXBuildFile section */
		5B900AC41ECBF2F200683843 /* AppDelegate.swift in Sources */ = {isa = PBXBuildFile; fileRef = 5B900AC31ECBF2F200683843 /* AppDelegate.swift */; };
		5B900AC61ECBF2F200683843 /* ViewController.swift in Sources */ = {isa = PBXBuildFile; fileRef = 5B900AC51ECBF2F200683843 /* ViewController.swift */; };
		5B900AC91ECBF2F200683843 /* Main.storyboard in Resources */ = {isa = PBXBuildFile; fileRef = 5B900AC71ECBF2F200683843 /* Main.storyboard */; };
		5B900ACB1ECBF2F200683843 /* Assets.xcassets in Resources */ = {isa = PBXBuildFile; fileRef = 5B900ACA1ECBF2F200683843 /* Assets.xcassets */; };
		5B900ACE1ECBF2F200683843 /* LaunchScreen.storyboard in Resources */ = {isa = PBXBuildFile; fileRef = 5B900ACC1ECBF2F200683843 /* LaunchScreen.storyboard */; };
		5B900AD91ECBF2F200683843 /* _____Swift_Tests.swift in Sources */ = {isa = PBXBuildFile; fileRef = 5B900AD81ECBF2F200683843 /* _____Swift_Tests.swift */; };
		5B900AE41ECBF2F200683843 /* _____Swift_UITests.swift in Sources */ = {isa = PBXBuildFile; fileRef = 5B900AE31ECBF2F200683843 /* _____Swift_UITests.swift */; };
		6E26A17BF73096FA04F1B576 /* Pods______Swift_.framework in Frameworks */ = {isa = PBXBuildFile; fileRef = D3A2259D040AC52238862BFB /* Pods______Swift_.framework */; };
		AB5708194FF8E030B4E29DF4 /* Pods______Swift_UITests.framework in Frameworks */ = {isa = PBXBuildFile; fileRef = 10D5DE68A553A8A501FEA7A5 /* Pods______Swift_UITests.framework */; };
		E0A43EC9D19199AD78DB9AD5 /* Pods______Swift_Tests.framework in Frameworks */ = {isa = PBXBuildFile; fileRef = E10D36A12B1F3F37B7138D47 /* Pods______Swift_Tests.framework */; };
/* End PBXBuildFile section */

/* Begin PBXContainerItemProxy section */
		5B900AD51ECBF2F200683843 /* PBXContainerItemProxy */ = {
			isa = PBXContainerItemProxy;
			containerPortal = 5B900AB81ECBF2F200683843 /* Project object */;
			proxyType = 1;
			remoteGlobalIDString = 5B900ABF1ECBF2F200683843;
			remoteInfo = "今日头条(Swift)";
		};
		5B900AE01ECBF2F200683843 /* PBXContainerItemProxy */ = {
			isa = PBXContainerItemProxy;
			containerPortal = 5B900AB81ECBF2F200683843 /* Project object */;
			proxyType = 1;
			remoteGlobalIDString = 5B900ABF1ECBF2F200683843;
			remoteInfo = "今日头条(Swift)";
		};
/* End PBXContainerItemProxy section */

/* Begin PBXFileReference section */
		10D5DE68A553A8A501FEA7A5 /* Pods______Swift_UITests.framework */ = {isa = PBXFileReference; explicitFileType = wrapper.framework; includeInIndex = 0; path = "Pods______Swift_UITests.framework"; sourceTree = BUILT_PRODUCTS_DIR; };
		370DDA181B5344413BA49B00 /* Pods-今日头条(Swift).release.xcconfig */ = {isa = PBXFileReference; includeInIndex = 1; lastKnownFileType = text.xcconfig; name = "Pods-今日头条(Swift).release.xcconfig"; path = "Pods/Target Support Files/Pods-今日头条(Swift)/Pods-今日头条(Swift).release.xcconfig"; sourceTree = "<group>"; };
		4CEE936FB13B15E7FCD70277 /* Pods-今日头条(Swift).debug.xcconfig */ = {isa = PBXFileReference; includeInIndex = 1; lastKnownFileType = text.xcconfig; name = "Pods-今日头条(Swift).debug.xcconfig"; path = "Pods/Target Support Files/Pods-今日头条(Swift)/Pods-今日头条(Swift).debug.xcconfig"; sourceTree = "<group>"; };
		4D7C5DFB30AC51954D6CA3F4 /* Pods-今日头条(Swift)Tests.debug.xcconfig */ = {isa = PBXFileReference; includeInIndex = 1; lastKnownFileType = text.xcconfig; name = "Pods-今日头条(Swift)Tests.debug.xcconfig"; path = "Pods/Target Support Files/Pods-今日头条(Swift)Tests/Pods-今日头条(Swift)Tests.debug.xcconfig"; sourceTree = "<group>"; };
		5B900AC01ECBF2F200683843 /* 今日头条(Swift).app */ = {isa = PBXFileReference; explicitFileType = wrapper.application; includeInIndex = 0; path = "今日头条(Swift).app"; sourceTree = BUILT_PRODUCTS_DIR; };
		5B900AC31ECBF2F200683843 /* AppDelegate.swift */ = {isa = PBXFileReference; lastKnownFileType = sourcecode.swift; path = AppDelegate.swift; sourceTree = "<group>"; };
		5B900AC51ECBF2F200683843 /* ViewController.swift */ = {isa = PBXFileReference; lastKnownFileType = sourcecode.swift; path = ViewController.swift; sourceTree = "<group>"; };
		5B900AC81ECBF2F200683843 /* Base */ = {isa = PBXFileReference; lastKnownFileType = file.storyboard; name = Base; path = Base.lproj/Main.storyboard; sourceTree = "<group>"; };
		5B900ACA1ECBF2F200683843 /* Assets.xcassets */ = {isa = PBXFileReference; lastKnownFileType = folder.assetcatalog; path = Assets.xcassets; sourceTree = "<group>"; };
		5B900ACD1ECBF2F200683843 /* Base */ = {isa = PBXFileReference; lastKnownFileType = file.storyboard; name = Base; path = Base.lproj/LaunchScreen.storyboard; sourceTree = "<group>"; };
		5B900ACF1ECBF2F200683843 /* Info.plist */ = {isa = PBXFileReference; lastKnownFileType = text.plist.xml; path = Info.plist; sourceTree = "<group>"; };
		5B900AD41ECBF2F200683843 /* 今日头条(Swift)Tests.xctest */ = {isa = PBXFileReference; explicitFileType = wrapper.cfbundle; includeInIndex = 0; path = "今日头条(Swift)Tests.xctest"; sourceTree = BUILT_PRODUCTS_DIR; };
		5B900AD81ECBF2F200683843 /* _____Swift_Tests.swift */ = {isa = PBXFileReference; lastKnownFileType = sourcecode.swift; path = "_____Swift_Tests.swift"; sourceTree = "<group>"; };
		5B900ADA1ECBF2F200683843 /* Info.plist */ = {isa = PBXFileReference; lastKnownFileType = text.plist.xml; path = Info.plist; sourceTree = "<group>"; };
		5B900ADF1ECBF2F200683843 /* 今日头条(Swift)UITests.xctest */ = {isa = PBXFileReference; explicitFileType = wrapper.cfbundle; includeInIndex = 0; path = "今日头条(Swift)UITests.xctest"; sourceTree = BUILT_PRODUCTS_DIR; };
		5B900AE31ECBF2F200683843 /* _____Swift_UITests.swift */ = {isa = PBXFileReference; lastKnownFileType = sourcecode.swift; path = "_____Swift_UITests.swift"; sourceTree = "<group>"; };
		5B900AE51ECBF2F200683843 /* Info.plist */ = {isa = PBXFileReference; lastKnownFileType = text.plist.xml; path = Info.plist; sourceTree = "<group>"; };
		6A4318CF7AE2E204299769A1 /* Pods-今日头条(Swift)UITests.release.xcconfig */ = {isa = PBXFileReference; includeInIndex = 1; lastKnownFileType = text.xcconfig; name = "Pods-今日头条(Swift)UITests.release.xcconfig"; path = "Pods/Target Support Files/Pods-今日头条(Swift)UITests/Pods-今日头条(Swift)UITests.release.xcconfig"; sourceTree = "<group>"; };
		BF2ECBCAF25C9FFCC206BA6B /* Pods-今日头条(Swift)Tests.release.xcconfig */ = {isa = PBXFileReference; includeInIndex = 1; lastKnownFileType = text.xcconfig; name = "Pods-今日头条(Swift)Tests.release.xcconfig"; path = "Pods/Target Support Files/Pods-今日头条(Swift)Tests/Pods-今日头条(Swift)Tests.release.xcconfig"; sourceTree = "<group>"; };
		D3A2259D040AC52238862BFB /* Pods______Swift_.framework */ = {isa = PBXFileReference; explicitFileType = wrapper.framework; includeInIndex = 0; path = "Pods______Swift_.framework"; sourceTree = BUILT_PRODUCTS_DIR; };
		E10D36A12B1F3F37B7138D47 /* Pods______Swift_Tests.framework */ = {isa = PBXFileReference; explicitFileType = wrapper.framework; includeInIndex = 0; path = "Pods______Swift_Tests.framework"; sourceTree = BUILT_PRODUCTS_DIR; };
		E3CFF3975AE4E1198B448FFE /* Pods-今日头条(Swift)UITests.debug.xcconfig */ = {isa = PBXFileReference; includeInIndex = 1; lastKnownFileType = text.xcconfig; name = "Pods-今日头条(Swift)UITests.debug.xcconfig"; path = "Pods/Target Support Files/Pods-今日头条(Swift)UITests/Pods-今日头条(Swift)UITests.debug.xcconfig"; sourceTree = "<group>"; };
/* End PBXFileReference section */

/* Begin PBXFrameworksBuildPhase section */
		5B900ABD1ECBF2F200683843 /* Frameworks */ = {
			isa = PBXFrameworksBuildPhase;
			buildActionMask = 2147483647;
			files = (
				6E26A17BF73096FA04F1B576 /* Pods______Swift_.framework in Frameworks */,
			);
			runOnlyForDeploymentPostprocessing = 0;
		};
		5B900AD11ECBF2F200683843 /* Frameworks */ = {
			isa = PBXFrameworksBuildPhase;
			buildActionMask = 2147483647;
			files = (
				E0A43EC9D19199AD78DB9AD5 /* Pods______Swift_Tests.framework in Frameworks */,
			);
			runOnlyForDeploymentPostprocessing = 0;
		};
		5B900ADC1ECBF2F200683843 /* Frameworks */ = {
			isa = PBXFrameworksBuildPhase;
			buildActionMask = 2147483647;
			files = (
				AB5708194FF8E030B4E29DF4 /* Pods______Swift_UITests.framework in Frameworks */,
			);
			runOnlyForDeploymentPostprocessing = 0;
		};
/* End PBXFrameworksBuildPhase section */

/* Begin PBXGroup section */
		2296142570AC739070DEE683 /* Frameworks */ = {
			isa = PBXGroup;
			children = (
				D3A2259D040AC52238862BFB /* Pods______Swift_.framework */,
				E10D36A12B1F3F37B7138D47 /* Pods______Swift_Tests.framework */,
				10D5DE68A553A8A501FEA7A5 /* Pods______Swift_UITests.framework */,
			);
			name = Frameworks;
			sourceTree = "<group>";
		};
		5B900AB71ECBF2F200683843 = {
			isa = PBXGroup;
			children = (
				5B900AC21ECBF2F200683843 /* 今日头条(Swift) */,
				5B900AD71ECBF2F200683843 /* 今日头条(Swift)Tests */,
				5B900AE21ECBF2F200683843 /* 今日头条(Swift)UITests */,
				5B900AC11ECBF2F200683843 /* Products */,
				BD3394BEBA5F15C46B84B5C0 /* Pods */,
				2296142570AC739070DEE683 /* Frameworks */,
			);
			sourceTree = "<group>";
		};
		5B900AC11ECBF2F200683843 /* Products */ = {
			isa = PBXGroup;
			children = (
				5B900AC01ECBF2F200683843 /* 今日头条(Swift).app */,
				5B900AD41ECBF2F200683843 /* 今日头条(Swift)Tests.xctest */,
				5B900ADF1ECBF2F200683843 /* 今日头条(Swift)UITests.xctest */,
			);
			name = Products;
			sourceTree = "<group>";
		};
		5B900AC21ECBF2F200683843 /* 今日头条(Swift) */ = {
			isa = PBXGroup;
			children = (
				5B900AC31ECBF2F200683843 /* AppDelegate.swift */,
				5B900AC51ECBF2F200683843 /* ViewController.swift */,
				5B900AC71ECBF2F200683843 /* Main.storyboard */,
				5B900ACA1ECBF2F200683843 /* Assets.xcassets */,
				5B900ACC1ECBF2F200683843 /* LaunchScreen.storyboard */,
				5B900ACF1ECBF2F200683843 /* Info.plist */,
			);
			path = "今日头条(Swift)";
			sourceTree = "<group>";
		};
		5B900AD71ECBF2F200683843 /* 今日头条(Swift)Tests */ = {
			isa = PBXGroup;
			children = (
				5B900AD81ECBF2F200683843 /* _____Swift_Tests.swift */,
				5B900ADA1ECBF2F200683843 /* Info.plist */,
			);
			path = "今日头条(Swift)Tests";
			sourceTree = "<group>";
		};
		5B900AE21ECBF2F200683843 /* 今日头条(Swift)UITests */ = {
			isa = PBXGroup;
			children = (
				5B900AE31ECBF2F200683843 /* _____Swift_UITests.swift */,
				5B900AE51ECBF2F200683843 /* Info.plist */,
			);
			path = "今日头条(Swift)UITests";
			sourceTree = "<group>";
		};
		BD3394BEBA5F15C46B84B5C0 /* Pods */ = {
			isa = PBXGroup;
			children = (
				4CEE936FB13B15E7FCD70277 /* Pods-今日头条(Swift).debug.xcconfig */,
				370DDA181B5344413BA49B00 /* Pods-今日头条(Swift).release.xcconfig */,
				4D7C5DFB30AC51954D6CA3F4 /* Pods-今日头条(Swift)Tests.debug.xcconfig */,
				BF2ECBCAF25C9FFCC206BA6B /* Pods-今日头条(Swift)Tests.release.xcconfig */,
				E3CFF3975AE4E1198B448FFE /* Pods-今日头条(Swift)UITests.debug.xcconfig */,
				6A4318CF7AE2E204299769A1 /* Pods-今日头条(Swift)UITests.release.xcconfig */,
			);
			name = Pods;
			sourceTree = "<group>";
		};
/* End PBXGroup section */

/* Begin PBXNativeTarget section */
		5B900ABF1ECBF2F200683843 /* 今日头条(Swift) */ = {
			isa = PBXNativeTarget;
			buildConfigurationList = 5B900AE81ECBF2F200683843 /* Build configuration list for PBXNativeTarget "今日头条(Swift)" */;
			buildPhases = (
				823DB59B6A93E6677ED55E10 /* [CP] Check Pods Manifest.lock */,
				5B900ABC1ECBF2F200683843 /* Sources */,
				5B900ABD1ECBF2F200683843 /* Frameworks */,
				5B900ABE1ECBF2F200683843 /* Resources */,
				8CD638113EBBEDC20A9709F6 /* [CP] Embed Pods Frameworks */,
				5F420BA12CE7FEB71EB8E6AD /* [CP] Copy Pods Resources */,
			);
			buildRules = (
			);
			dependencies = (
			);
			name = "今日头条(Swift)";
			productName = "今日头条(Swift)";
			productReference = 5B900AC01ECBF2F200683843 /* 今日头条(Swift).app */;
			productType = "com.apple.product-type.application";
		};
		5B900AD31ECBF2F200683843 /* 今日头条(Swift)Tests */ = {
			isa = PBXNativeTarget;
			buildConfigurationList = 5B900AEB1ECBF2F200683843 /* Build configuration list for PBXNativeTarget "今日头条(Swift)Tests" */;
			buildPhases = (
				39E30F3069582E0531F40031 /* [CP] Check Pods Manifest.lock */,
				5B900AD01ECBF2F200683843 /* Sources */,
				5B900AD11ECBF2F200683843 /* Frameworks */,
				5B900AD21ECBF2F200683843 /* Resources */,
				65CADE84A914BF35A7D5F9B2 /* [CP] Embed Pods Frameworks */,
				82947918FAB9B056C7E92284 /* [CP] Copy Pods Resources */,
			);
			buildRules = (
			);
			dependencies = (
				5B900AD61ECBF2F200683843 /* PBXTargetDependency */,
			);
			name = "今日头条(Swift)Tests";
			productName = "今日头条(Swift)Tests";
			productReference = 5B900AD41ECBF2F200683843 /* 今日头条(Swift)Tests.xctest */;
			productType = "com.apple.product-type.bundle.unit-test";
		};
		5B900ADE1ECBF2F200683843 /* 今日头条(Swift)UITests */ = {
			isa = PBXNativeTarget;
			buildConfigurationList = 5B900AEE1ECBF2F200683843 /* Build configuration list for PBXNativeTarget "今日头条(Swift)UITests" */;
			buildPhases = (
				20044C6E5CB5A1B4C3FD56A8 /* [CP] Check Pods Manifest.lock */,
				5B900ADB1ECBF2F200683843 /* Sources */,
				5B900ADC1ECBF2F200683843 /* Frameworks */,
				5B900ADD1ECBF2F200683843 /* Resources */,
				AF37ECB1E795A4217BC3B3CD /* [CP] Embed Pods Frameworks */,
				F83D44AA88B1C81134658B51 /* [CP] Copy Pods Resources */,
			);
			buildRules = (
			);
			dependencies = (
				5B900AE11ECBF2F200683843 /* PBXTargetDependency */,
			);
			name = "今日头条(Swift)UITests";
			productName = "今日头条(Swift)UITests";
			productReference = 5B900ADF1ECBF2F200683843 /* 今日头条(Swift)UITests.xctest */;
			productType = "com.apple.product-type.bundle.ui-testing";
		};
/* End PBXNativeTarget section */

/* Begin PBXProject section */
		5B900AB81ECBF2F200683843 /* Project object */ = {
			isa = PBXProject;
			attributes = {
				LastSwiftUpdateCheck = 0730;
				LastUpgradeCheck = 0730;
				ORGANIZATIONNAME = "醉看红尘这场梦";
				TargetAttributes = {
					5B900ABF1ECBF2F200683843 = {
						CreatedOnToolsVersion = 7.3.1;
					};
					5B900AD31ECBF2F200683843 = {
						CreatedOnToolsVersion = 7.3.1;
						TestTargetID = 5B900ABF1ECBF2F200683843;
					};
					5B900ADE1ECBF2F200683843 = {
						CreatedOnToolsVersion = 7.3.1;
						TestTargetID = 5B900ABF1ECBF2F200683843;
					};
				};
			};
			buildConfigurationList = 5B900ABB1ECBF2F200683843 /* Build configuration list for PBXProject "今日头条(Swift)" */;
			compatibilityVersion = "Xcode 3.2";
			developmentRegion = English;
			hasScannedForEncodings = 0;
			knownRegions = (
				en,
				Base,
			);
			mainGroup = 5B900AB71ECBF2F200683843;
			productRefGroup = 5B900AC11ECBF2F200683843 /* Products */;
			projectDirPath = "";
			projectRoot = "";
			targets = (
				5B900ABF1ECBF2F200683843 /* 今日头条(Swift) */,
				5B900AD31ECBF2F200683843 /* 今日头条(Swift)Tests */,
				5B900ADE1ECBF2F200683843 /* 今日头条(Swift)UITests */,
			);
		};
/* End PBXProject section */

/* Begin PBXResourcesBuildPhase section */
		5B900ABE1ECBF2F200683843 /* Resources */ = {
			isa = PBXResourcesBuildPhase;
			buildActionMask = 2147483647;
			files = (
				5B900ACE1ECBF2F200683843 /* LaunchScreen.storyboard in Resources */,
				5B900ACB1ECBF2F200683843 /* Assets.xcassets in Resources */,
				5B900AC91ECBF2F200683843 /* Main.storyboard in Resources */,
			);
			runOnlyForDeploymentPostprocessing = 0;
		};
		5B900AD21ECBF2F200683843 /* Resources */ = {
			isa = PBXResourcesBuildPhase;
			buildActionMask = 2147483647;
			files = (
			);
			runOnlyForDeploymentPostprocessing = 0;
		};
		5B900ADD1ECBF2F200683843 /* Resources */ = {
			isa = PBXResourcesBuildPhase;
			buildActionMask = 2147483647;
			files = (
			);
			runOnlyForDeploymentPostprocessing = 0;
		};
/* End PBXResourcesBuildPhase section */

/* Begin PBXShellScriptBuildPhase section */
		20044C6E5CB5A1B4C3FD56A8 /* [CP] Check Pods Manifest.lock */ = {
			isa = PBXShellScriptBuildPhase;
			buildActionMask = 2147483647;
			files = (
			);
			inputPaths = (
			);
			name = "[CP] Check Pods Manifest.lock";
			outputPaths = (
			);
			runOnlyForDeploymentPostprocessing = 0;
			shellPath = /bin/sh;
			shellScript = "diff \"${PODS_PODFILE_DIR_PATH}/Podfile.lock\" \"${PODS_ROOT}/Manifest.lock\" > /dev/null\nif [ $? != 0 ] ; then\n    # print error to STDERR\n    echo \"error: The sandbox is not in sync with the Podfile.lock. Run 'pod install' or update your CocoaPods installation.\" >&2\n    exit 1\nfi\n";
			showEnvVarsInLog = 0;
		};
		39E30F3069582E0531F40031 /* [CP] Check Pods Manifest.lock */ = {
			isa = PBXShellScriptBuildPhase;
			buildActionMask = 2147483647;
			files = (
			);
			inputPaths = (
			);
			name = "[CP] Check Pods Manifest.lock";
			outputPaths = (
			);
			runOnlyForDeploymentPostprocessing = 0;
			shellPath = /bin/sh;
			shellScript = "diff \"${PODS_PODFILE_DIR_PATH}/Podfile.lock\" \"${PODS_ROOT}/Manifest.lock\" > /dev/null\nif [ $? != 0 ] ; then\n    # print error to STDERR\n    echo \"error: The sandbox is not in sync with the Podfile.lock. Run 'pod install' or update your CocoaPods installation.\" >&2\n    exit 1\nfi\n";
			showEnvVarsInLog = 0;
		};
		5F420BA12CE7FEB71EB8E6AD /* [CP] Copy Pods Resources */ = {
			isa = PBXShellScriptBuildPhase;
			buildActionMask = 2147483647;
			files = (
			);
			inputPaths = (
			);
			name = "[CP] Copy Pods Resources";
			outputPaths = (
			);
			runOnlyForDeploymentPostprocessing = 0;
			shellPath = /bin/sh;
			shellScript = "\"${SRCROOT}/Pods/Target Support Files/Pods-今日头条(Swift)/Pods-今日头条(Swift)-resources.sh\"\n";
			showEnvVarsInLog = 0;
		};
		65CADE84A914BF35A7D5F9B2 /* [CP] Embed Pods Frameworks */ = {
			isa = PBXShellScriptBuildPhase;
			buildActionMask = 2147483647;
			files = (
			);
			inputPaths = (
			);
			name = "[CP] Embed Pods Frameworks";
			outputPaths = (
			);
			runOnlyForDeploymentPostprocessing = 0;
			shellPath = /bin/sh;
			shellScript = "\"${SRCROOT}/Pods/Target Support Files/Pods-今日头条(Swift)Tests/Pods-今日头条(Swift)Tests-frameworks.sh\"\n";
			showEnvVarsInLog = 0;
		};
		823DB59B6A93E6677ED55E10 /* [CP] Check Pods Manifest.lock */ = {
			isa = PBXShellScriptBuildPhase;
			buildActionMask = 2147483647;
			files = (
			);
			inputPaths = (
			);
			name = "[CP] Check Pods Manifest.lock";
			outputPaths = (
			);
			runOnlyForDeploymentPostprocessing = 0;
			shellPath = /bin/sh;
			shellScript = "diff \"${PODS_PODFILE_DIR_PATH}/Podfile.lock\" \"${PODS_ROOT}/Manifest.lock\" > /dev/null\nif [ $? != 0 ] ; then\n    # print error to STDERR\n    echo \"error: The sandbox is not in sync with the Podfile.lock. Run 'pod install' or update your CocoaPods installation.\" >&2\n    exit 1\nfi\n";
			showEnvVarsInLog = 0;
		};
		82947918FAB9B056C7E92284 /* [CP] Copy Pods Resources */ = {
			isa = PBXShellScriptBuildPhase;
			buildActionMask = 2147483647;
			files = (
			);
			inputPaths = (
			);
			name = "[CP] Copy Pods Resources";
			outputPaths = (
			);
			runOnlyForDeploymentPostprocessing = 0;
			shellPath = /bin/sh;
			shellScript = "\"${SRCROOT}/Pods/Target Support Files/Pods-今日头条(Swift)Tests/Pods-今日头条(Swift)Tests-resources.sh\"\n";
			showEnvVarsInLog = 0;
		};
		8CD638113EBBEDC20A9709F6 /* [CP] Embed Pods Frameworks */ = {
			isa = PBXShellScriptBuildPhase;
			buildActionMask = 2147483647;
			files = (
			);
			inputPaths = (
			);
			name = "[CP] Embed Pods Frameworks";
			outputPaths = (
			);
			runOnlyForDeploymentPostprocessing = 0;
			shellPath = /bin/sh;
			shellScript = "\"${SRCROOT}/Pods/Target Support Files/Pods-今日头条(Swift)/Pods-今日头条(Swift)-frameworks.sh\"\n";
			showEnvVarsInLog = 0;
		};
		AF37ECB1E795A4217BC3B3CD /* [CP] Embed Pods Frameworks */ = {
			isa = PBXShellScriptBuildPhase;
			buildActionMask = 2147483647;
			files = (
			);
			inputPaths = (
			);
			name = "[CP] Embed Pods Frameworks";
			outputPaths = (
			);
			runOnlyForDeploymentPostprocessing = 0;
			shellPath = /bin/sh;
			shellScript = "\"${SRCROOT}/Pods/Target Support Files/Pods-今日头条(Swift)UITests/Pods-今日头条(Swift)UITests-frameworks.sh\"\n";
			showEnvVarsInLog = 0;
		};
		F83D44AA88B1C81134658B51 /* [CP] Copy Pods Resources */ = {
			isa = PBXShellScriptBuildPhase;
			buildActionMask = 2147483647;
			files = (
			);
			inputPaths = (
			);
			name = "[CP] Copy Pods Resources";
			outputPaths = (
			);
			runOnlyForDeploymentPostprocessing = 0;
			shellPath = /bin/sh;
			shellScript = "\"${SRCROOT}/Pods/Target Support Files/Pods-今日头条(Swift)UITests/Pods-今日头条(Swift)UITests-resources.sh\"\n";
			showEnvVarsInLog = 0;
		};
/* End PBXShellScriptBuildPhase section */

/* Begin PBXSourcesBuildPhase section */
		5B900ABC1ECBF2F200683843 /* Sources */ = {
			isa = PBXSourcesBuildPhase;
			buildActionMask = 2147483647;
			files = (
				5B900AC61ECBF2F200683843 /* ViewController.swift in Sources */,
				5B900AC41ECBF2F200683843 /* AppDelegate.swift in Sources */,
			);
			runOnlyForDeploymentPostprocessing = 0;
		};
		5B900AD01ECBF2F200683843 /* Sources */ = {
			isa = PBXSourcesBuildPhase;
			buildActionMask = 2147483647;
			files = (
				5B900AD91ECBF2F200683843 /* _____Swift_Tests.swift in Sources */,
			);
			runOnlyForDeploymentPostprocessing = 0;
		};
		5B900ADB1ECBF2F200683843 /* Sources */ = {
			isa = PBXSourcesBuildPhase;
			buildActionMask = 2147483647;
			files = (
				5B900AE41ECBF2F200683843 /* _____Swift_UITests.swift in Sources */,
			);
			runOnlyForDeploymentPostprocessing = 0;
		};
/* End PBXSourcesBuildPhase section */

/* Begin PBXTargetDependency section */
		5B900AD61ECBF2F200683843 /* PBXTargetDependency */ = {
			isa = PBXTargetDependency;
			target = 5B900ABF1ECBF2F200683843 /* 今日头条(Swift) */;
			targetProxy = 5B900AD51ECBF2F200683843 /* PBXContainerItemProxy */;
		};
		5B900AE11ECBF2F200683843 /* PBXTargetDependency */ = {
			isa = PBXTargetDependency;
			target = 5B900ABF1ECBF2F200683843 /* 今日头条(Swift) */;
			targetProxy = 5B900AE01ECBF2F200683843 /* PBXContainerItemProxy */;
		};
/* End PBXTargetDependency section */

/* Begin PBXVariantGroup section */
		5B900AC71ECBF2F200683843 /* Main.storyboard */ = {
			isa = PBXVariantGroup;
			children = (
				5B900AC81ECBF2F200683843 /* Base */,
			);
			name = Main.storyboard;
			sourceTree = "<group>";
		};
		5B900ACC1ECBF2F200683843 /* LaunchScreen.storyboard */ = {
			isa = PBXVariantGroup;
			children = (
				5B900ACD1ECBF2F200683843 /* Base */,
			);
			name = LaunchScreen.storyboard;
			sourceTree = "<group>";
		};
/* End PBXVariantGroup section */

/* Begin XCBuildConfiguration section */
		5B900AE61ECBF2F200683843 /* Debug */ = {
			isa = XCBuildConfiguration;
			buildSettings = {
				ALWAYS_SEARCH_USER_PATHS = NO;
				CLANG_ANALYZER_NONNULL = YES;
				CLANG_CXX_LANGUAGE_STANDARD = "gnu++0x";
				CLANG_CXX_LIBRARY = "libc++";
				CLANG_ENABLE_MODULES = YES;
				CLANG_ENABLE_OBJC_ARC = YES;
				CLANG_WARN_BOOL_CONVERSION = YES;
				CLANG_WARN_CONSTANT_CONVERSION = YES;
				CLANG_WARN_DIRECT_OBJC_ISA_USAGE = YES_ERROR;
				CLANG_WARN_EMPTY_BODY = YES;
				CLANG_WARN_ENUM_CONVERSION = YES;
				CLANG_WARN_INT_CONVERSION = YES;
				CLANG_WARN_OBJC_ROOT_CLASS = YES_ERROR;
				CLANG_WARN_UNREACHABLE_CODE = YES;
				CLANG_WARN__DUPLICATE_METHOD_MATCH = YES;
				"CODE_SIGN_IDENTITY[sdk=iphoneos*]" = "iPhone Developer";
				COPY_PHASE_STRIP = NO;
				DEBUG_INFORMATION_FORMAT = dwarf;
				ENABLE_STRICT_OBJC_MSGSEND = YES;
				ENABLE_TESTABILITY = YES;
				GCC_C_LANGUAGE_STANDARD = gnu99;
				GCC_DYNAMIC_NO_PIC = NO;
				GCC_NO_COMMON_BLOCKS = YES;
				GCC_OPTIMIZATION_LEVEL = 0;
				GCC_PREPROCESSOR_DEFINITIONS = (
					"DEBUG=1",
					"$(inherited)",
				);
				GCC_WARN_64_TO_32_BIT_CONVERSION = YES;
				GCC_WARN_ABOUT_RETURN_TYPE = YES_ERROR;
				GCC_WARN_UNDECLARED_SELECTOR = YES;
				GCC_WARN_UNINITIALIZED_AUTOS = YES_AGGRESSIVE;
				GCC_WARN_UNUSED_FUNCTION = YES;
				GCC_WARN_UNUSED_VARIABLE = YES;
				IPHONEOS_DEPLOYMENT_TARGET = 9.3;
				MTL_ENABLE_DEBUG_INFO = YES;
				ONLY_ACTIVE_ARCH = YES;
				SDKROOT = iphoneos;
				SWIFT_OPTIMIZATION_LEVEL = "-Onone";
			};
			name = Debug;
		};
		5B900AE71ECBF2F200683843 /* Release */ = {
			isa = XCBuildConfiguration;
			buildSettings = {
				ALWAYS_SEARCH_USER_PATHS = NO;
				CLANG_ANALYZER_NONNULL = YES;
				CLANG_CXX_LANGUAGE_STANDARD = "gnu++0x";
				CLANG_CXX_LIBRARY = "libc++";
				CLANG_ENABLE_MODULES = YES;
				CLANG_ENABLE_OBJC_ARC = YES;
				CLANG_WARN_BOOL_CONVERSION = YES;
				CLANG_WARN_CONSTANT_CONVERSION = YES;
				CLANG_WARN_DIRECT_OBJC_ISA_USAGE = YES_ERROR;
				CLANG_WARN_EMPTY_BODY = YES;
				CLANG_WARN_ENUM_CONVERSION = YES;
				CLANG_WARN_INT_CONVERSION = YES;
				CLANG_WARN_OBJC_ROOT_CLASS = YES_ERROR;
				CLANG_WARN_UNREACHABLE_CODE = YES;
				CLANG_WARN__DUPLICATE_METHOD_MATCH = YES;
				"CODE_SIGN_IDENTITY[sdk=iphoneos*]" = "iPhone Developer";
				COPY_PHASE_STRIP = NO;
				DEBUG_INFORMATION_FORMAT = "dwarf-with-dsym";
				ENABLE_NS_ASSERTIONS = NO;
				ENABLE_STRICT_OBJC_MSGSEND = YES;
				GCC_C_LANGUAGE_STANDARD = gnu99;
				GCC_NO_COMMON_BLOCKS = YES;
				GCC_WARN_64_TO_32_BIT_CONVERSION = YES;
				GCC_WARN_ABOUT_RETURN_TYPE = YES_ERROR;
				GCC_WARN_UNDECLARED_SELECTOR = YES;
				GCC_WARN_UNINITIALIZED_AUTOS = YES_AGGRESSIVE;
				GCC_WARN_UNUSED_FUNCTION = YES;
				GCC_WARN_UNUSED_VARIABLE = YES;
				IPHONEOS_DEPLOYMENT_TARGET = 9.3;
				MTL_ENABLE_DEBUG_INFO = NO;
				SDKROOT = iphoneos;
				VALIDATE_PRODUCT = YES;
			};
			name = Release;
		};
		5B900AE91ECBF2F200683843 /* Debug */ = {
			isa = XCBuildConfiguration;
			baseConfigurationReference = 4CEE936FB13B15E7FCD70277 /* Pods-今日头条(Swift).debug.xcconfig */;
			buildSettings = {
				ASSETCATALOG_COMPILER_APPICON_NAME = AppIcon;
				ASSETCATALOG_COMPILER_LAUNCHIMAGE_NAME = LaunchImage;
				INFOPLIST_FILE = "今日头条(Swift)/Info.plist";
				LD_RUNPATH_SEARCH_PATHS = "$(inherited) @executable_path/Frameworks";
				PRODUCT_BUNDLE_IDENTIFIER = "com.cn.qjl.-----Swift-";
				PRODUCT_NAME = "$(TARGET_NAME)";
			};
			name = Debug;
		};
		5B900AEA1ECBF2F200683843 /* Release */ = {
			isa = XCBuildConfiguration;
			baseConfigurationReference = 370DDA181B5344413BA49B00 /* Pods-今日头条(Swift).release.xcconfig */;
			buildSettings = {
				ASSETCATALOG_COMPILER_APPICON_NAME = AppIcon;
				ASSETCATALOG_COMPILER_LAUNCHIMAGE_NAME = LaunchImage;
				INFOPLIST_FILE = "今日头条(Swift)/Info.plist";
				LD_RUNPATH_SEARCH_PATHS = "$(inherited) @executable_path/Frameworks";
				PRODUCT_BUNDLE_IDENTIFIER = "com.cn.qjl.-----Swift-";
				PRODUCT_NAME = "$(TARGET_NAME)";
			};
			name = Release;
		};
		5B900AEC1ECBF2F200683843 /* Debug */ = {
			isa = XCBuildConfiguration;
			baseConfigurationReference = 4D7C5DFB30AC51954D6CA3F4 /* Pods-今日头条(Swift)Tests.debug.xcconfig */;
			buildSettings = {
				BUNDLE_LOADER = "$(TEST_HOST)";
				INFOPLIST_FILE = "今日头条(Swift)Tests/Info.plist";
				LD_RUNPATH_SEARCH_PATHS = "$(inherited) @executable_path/Frameworks @loader_path/Frameworks";
				PRODUCT_BUNDLE_IDENTIFIER = "com.cn.qjl.-----Swift-Tests";
				PRODUCT_NAME = "$(TARGET_NAME)";
				TEST_HOST = "$(BUILT_PRODUCTS_DIR)/今日头条(Swift).app/今日头条(Swift)";
			};
			name = Debug;
		};
		5B900AED1ECBF2F200683843 /* Release */ = {
			isa = XCBuildConfiguration;
			baseConfigurationReference = BF2ECBCAF25C9FFCC206BA6B /* Pods-今日头条(Swift)Tests.release.xcconfig */;
			buildSettings = {
				BUNDLE_LOADER = "$(TEST_HOST)";
				INFOPLIST_FILE = "今日头条(Swift)Tests/Info.plist";
				LD_RUNPATH_SEARCH_PATHS = "$(inherited) @executable_path/Frameworks @loader_path/Frameworks";
				PRODUCT_BUNDLE_IDENTIFIER = "com.cn.qjl.-----Swift-Tests";
				PRODUCT_NAME = "$(TARGET_NAME)";
				TEST_HOST = "$(BUILT_PRODUCTS_DIR)/今日头条(Swift).app/今日头条(Swift)";
			};
			name = Release;
		};
		5B900AEF1ECBF2F200683843 /* Debug */ = {
			isa = XCBuildConfiguration;
			baseConfigurationReference = E3CFF3975AE4E1198B448FFE /* Pods-今日头条(Swift)UITests.debug.xcconfig */;
			buildSettings = {
				INFOPLIST_FILE = "今日头条(Swift)UITests/Info.plist";
				LD_RUNPATH_SEARCH_PATHS = "$(inherited) @executable_path/Frameworks @loader_path/Frameworks";
				PRODUCT_BUNDLE_IDENTIFIER = "com.cn.qjl.-----Swift-UITests";
				PRODUCT_NAME = "$(TARGET_NAME)";
				TEST_TARGET_NAME = "今日头条(Swift)";
			};
			name = Debug;
		};
		5B900AF01ECBF2F200683843 /* Release */ = {
			isa = XCBuildConfiguration;
			baseConfigurationReference = 6A4318CF7AE2E204299769A1 /* Pods-今日头条(Swift)UITests.release.xcconfig */;
			buildSettings = {
				INFOPLIST_FILE = "今日头条(Swift)UITests/Info.plist";
				LD_RUNPATH_SEARCH_PATHS = "$(inherited) @executable_path/Frameworks @loader_path/Frameworks";
				PRODUCT_BUNDLE_IDENTIFIER = "com.cn.qjl.-----Swift-UITests";
				PRODUCT_NAME = "$(TARGET_NAME)";
				TEST_TARGET_NAME = "今日头条(Swift)";
			};
			name = Release;
		};
/* End XCBuildConfiguration section */

/* Begin XCConfigurationList section */
		5B900ABB1ECBF2F200683843 /* Build configuration list for PBXProject "今日头条(Swift)" */ = {
			isa = XCConfigurationList;
			buildConfigurations = (
				5B900AE61ECBF2F200683843 /* Debug */,
				5B900AE71ECBF2F200683843 /* Release */,
			);
			defaultConfigurationIsVisible = 0;
			defaultConfigurationName = Release;
		};
		5B900AE81ECBF2F200683843 /* Build configuration list for PBXNativeTarget "今日头条(Swift)" */ = {
			isa = XCConfigurationList;
			buildConfigurations = (
				5B900AE91ECBF2F200683843 /* Debug */,
				5B900AEA1ECBF2F200683843 /* Release */,
			);
			defaultConfigurationIsVisible = 0;
			defaultConfigurationName = Release;
		};
		5B900AEB1ECBF2F200683843 /* Build configuration list for PBXNativeTarget "今日头条(Swift)Tests" */ = {
			isa = XCConfigurationList;
			buildConfigurations = (
				5B900AEC1ECBF2F200683843 /* Debug */,
				5B900AED1ECBF2F200683843 /* Release */,
			);
			defaultConfigurationIsVisible = 0;
			defaultConfigurationName = Release;
		};
		5B900AEE1ECBF2F200683843 /* Build configuration list for PBXNativeTarget "今日头条(Swift)UITests" */ = {
			isa = XCConfigurationList;
			buildConfigurations = (
				5B900AEF1ECBF2F200683843 /* Debug */,
				5B900AF01ECBF2F200683843 /* Release */,
			);
			defaultConfigurationIsVisible = 0;
			defaultConfigurationName = Release;
		};
/* End XCConfigurationList section */
	};
	rootObject = 5B900AB81ECBF2F200683843 /* Project object */;
}
