// !$*UTF8*$!
{
	archiveVersion = 1;
	classes = {
	};
	objectVersion = 46;
	objects = {

/* Begin PBXBuildFile section */
		1D916B951EBCD2B200220AC6 /* AppDelegate.swift in Sources */ = {isa = PBXBuildFile; fileRef = 1D916B941EBCD2B200220AC6 /* AppDelegate.swift */; };
		1D916B971EBCD2B200220AC6 /* ViewController.swift in Sources */ = {isa = PBXBuildFile; fileRef = 1D916B961EBCD2B200220AC6 /* ViewController.swift */; };
		1D916B9A1EBCD2B200220AC6 /* Main.storyboard in Resources */ = {isa = PBXBuildFile; fileRef = 1D916B981EBCD2B200220AC6 /* Main.storyboard */; };
		1D916B9C1EBCD2B200220AC6 /* Assets.xcassets in Resources */ = {isa = PBXBuildFile; fileRef = 1D916B9B1EBCD2B200220AC6 /* Assets.xcassets */; };
		1D916B9F1EBCD2B200220AC6 /* LaunchScreen.storyboard in Resources */ = {isa = PBXBuildFile; fileRef = 1D916B9D1EBCD2B200220AC6 /* LaunchScreen.storyboard */; };
		1D916BAA1EBCD2B200220AC6 /* ___Swift_Tests.swift in Sources */ = {isa = PBXBuildFile; fileRef = 1D916BA91EBCD2B200220AC6 /* ___Swift_Tests.swift */; };
		1D916BB51EBCD2B200220AC6 /* ___Swift_UITests.swift in Sources */ = {isa = PBXBuildFile; fileRef = 1D916BB41EBCD2B200220AC6 /* ___Swift_UITests.swift */; };
		1DBF71CC1EBF46E000E81710 /* HomeViewController.swift in Sources */ = {isa = PBXBuildFile; fileRef = 1DBF71801EBF46E000E81710 /* HomeViewController.swift */; };
		1DBF71CD1EBF46E000E81710 /* LiveViewController.swift in Sources */ = {isa = PBXBuildFile; fileRef = 1DBF71831EBF46E000E81710 /* LiveViewController.swift */; };
		1DBF71CE1EBF46E000E81710 /* MainNavController.swift in Sources */ = {isa = PBXBuildFile; fileRef = 1DBF71861EBF46E000E81710 /* MainNavController.swift */; };
		1DBF71CF1EBF46E000E81710 /* MainViewController.swift in Sources */ = {isa = PBXBuildFile; fileRef = 1DBF71871EBF46E000E81710 /* MainViewController.swift */; };
		1DBF71D01EBF46E000E81710 /* DeformationButton.m in Sources */ = {isa = PBXBuildFile; fileRef = 1DBF718C1EBF46E000E81710 /* DeformationButton.m */; };
		1DBF71D11EBF46E000E81710 /* MMMaterialDesignSpinner.m in Sources */ = {isa = PBXBuildFile; fileRef = 1DBF718F1EBF46E000E81710 /* MMMaterialDesignSpinner.m */; };
		1DBF71D21EBF46E000E81710 /* MJRefreshAutoFooter.m in Sources */ = {isa = PBXBuildFile; fileRef = 1DBF71931EBF46E000E81710 /* MJRefreshAutoFooter.m */; };
		1DBF71D31EBF46E000E81710 /* MJRefreshBackFooter.m in Sources */ = {isa = PBXBuildFile; fileRef = 1DBF71951EBF46E000E81710 /* MJRefreshBackFooter.m */; };
		1DBF71D41EBF46E000E81710 /* MJRefreshComponent.m in Sources */ = {isa = PBXBuildFile; fileRef = 1DBF71971EBF46E000E81710 /* MJRefreshComponent.m */; };
		1DBF71D51EBF46E000E81710 /* MJRefreshFooter.m in Sources */ = {isa = PBXBuildFile; fileRef = 1DBF71991EBF46E000E81710 /* MJRefreshFooter.m */; };
		1DBF71D61EBF46E000E81710 /* MJRefreshHeader.m in Sources */ = {isa = PBXBuildFile; fileRef = 1DBF719B1EBF46E000E81710 /* MJRefreshHeader.m */; };
		1DBF71D71EBF46E000E81710 /* MJRefreshAutoGifFooter.m in Sources */ = {isa = PBXBuildFile; fileRef = 1DBF71A01EBF46E000E81710 /* MJRefreshAutoGifFooter.m */; };
		1DBF71D81EBF46E000E81710 /* MJRefreshAutoNormalFooter.m in Sources */ = {isa = PBXBuildFile; fileRef = 1DBF71A21EBF46E000E81710 /* MJRefreshAutoNormalFooter.m */; };
		1DBF71D91EBF46E000E81710 /* MJRefreshAutoStateFooter.m in Sources */ = {isa = PBXBuildFile; fileRef = 1DBF71A41EBF46E000E81710 /* MJRefreshAutoStateFooter.m */; };
		1DBF71DA1EBF46E000E81710 /* MJRefreshBackGifFooter.m in Sources */ = {isa = PBXBuildFile; fileRef = 1DBF71A71EBF46E000E81710 /* MJRefreshBackGifFooter.m */; };
		1DBF71DB1EBF46E000E81710 /* MJRefreshBackNormalFooter.m in Sources */ = {isa = PBXBuildFile; fileRef = 1DBF71A91EBF46E000E81710 /* MJRefreshBackNormalFooter.m */; };
		1DBF71DC1EBF46E000E81710 /* MJRefreshBackStateFooter.m in Sources */ = {isa = PBXBuildFile; fileRef = 1DBF71AB1EBF46E000E81710 /* MJRefreshBackStateFooter.m */; };
		1DBF71DD1EBF46E000E81710 /* MJRefreshGifHeader.m in Sources */ = {isa = PBXBuildFile; fileRef = 1DBF71AE1EBF46E000E81710 /* MJRefreshGifHeader.m */; };
		1DBF71DE1EBF46E000E81710 /* MJRefreshNormalHeader.m in Sources */ = {isa = PBXBuildFile; fileRef = 1DBF71B01EBF46E000E81710 /* MJRefreshNormalHeader.m */; };
		1DBF71DF1EBF46E000E81710 /* MJRefreshStateHeader.m in Sources */ = {isa = PBXBuildFile; fileRef = 1DBF71B21EBF46E000E81710 /* MJRefreshStateHeader.m */; };
		1DBF71E01EBF46E000E81710 /* MJRefresh.bundle in Resources */ = {isa = PBXBuildFile; fileRef = 1DBF71B31EBF46E000E81710 /* MJRefresh.bundle */; };
		1DBF71E11EBF46E000E81710 /* MJRefreshConst.m in Sources */ = {isa = PBXBuildFile; fileRef = 1DBF71B61EBF46E000E81710 /* MJRefreshConst.m */; };
		1DBF71E21EBF46E000E81710 /* UIScrollView+MJExtension.m in Sources */ = {isa = PBXBuildFile; fileRef = 1DBF71B81EBF46E000E81710 /* UIScrollView+MJExtension.m */; };
		1DBF71E31EBF46E000E81710 /* UIScrollView+MJRefresh.m in Sources */ = {isa = PBXBuildFile; fileRef = 1DBF71BA1EBF46E000E81710 /* UIScrollView+MJRefresh.m */; };
		1DBF71E41EBF46E000E81710 /* UIView+MJExtension.m in Sources */ = {isa = PBXBuildFile; fileRef = 1DBF71BC1EBF46E000E81710 /* UIView+MJExtension.m */; };
		1DBF71E61EBF46E000E81710 /* UIView+LYMExtension.m in Sources */ = {isa = PBXBuildFile; fileRef = 1DBF71C11EBF46E000E81710 /* UIView+LYMExtension.m */; };
		1DBF71E71EBF46E000E81710 /* placeholder.png in Resources */ = {isa = PBXBuildFile; fileRef = 1DBF71C31EBF46E000E81710 /* placeholder.png */; };
		1DBF71E81EBF46E000E81710 /* XRCarouselView.m in Sources */ = {isa = PBXBuildFile; fileRef = 1DBF71C51EBF46E000E81710 /* XRCarouselView.m */; };
		1DBF71E91EBF46E000E81710 /* ProfileViewController.swift in Sources */ = {isa = PBXBuildFile; fileRef = 1DBF71C81EBF46E000E81710 /* ProfileViewController.swift */; };
		1DBF71EA1EBF46E000E81710 /* RommViewController.swift in Sources */ = {isa = PBXBuildFile; fileRef = 1DBF71CB1EBF46E000E81710 /* RommViewController.swift */; };
		A1EBB2ED34ECFC9B860EF56D /* Pods____Swift_.framework in Frameworks */ = {isa = PBXBuildFile; fileRef = C54D00E8AE6BE383DB143F41 /* Pods____Swift_.framework */; };
/* End PBXBuildFile section */

/* Begin PBXContainerItemProxy section */
		1D916BA61EBCD2B200220AC6 /* PBXContainerItemProxy */ = {
			isa = PBXContainerItemProxy;
			containerPortal = 1D916B891EBCD2B200220AC6 /* Project object */;
			proxyType = 1;
			remoteGlobalIDString = 1D916B901EBCD2B200220AC6;
			remoteInfo = "斗鱼(Swift)";
		};
		1D916BB11EBCD2B200220AC6 /* PBXContainerItemProxy */ = {
			isa = PBXContainerItemProxy;
			containerPortal = 1D916B891EBCD2B200220AC6 /* Project object */;
			proxyType = 1;
			remoteGlobalIDString = 1D916B901EBCD2B200220AC6;
			remoteInfo = "斗鱼(Swift)";
		};
/* End PBXContainerItemProxy section */

/* Begin PBXFileReference section */
		1D916B911EBCD2B200220AC6 /* 斗鱼(Swift).app */ = {isa = PBXFileReference; explicitFileType = wrapper.application; includeInIndex = 0; path = "斗鱼(Swift).app"; sourceTree = BUILT_PRODUCTS_DIR; };
		1D916B941EBCD2B200220AC6 /* AppDelegate.swift */ = {isa = PBXFileReference; lastKnownFileType = sourcecode.swift; path = AppDelegate.swift; sourceTree = "<group>"; };
		1D916B961EBCD2B200220AC6 /* ViewController.swift */ = {isa = PBXFileReference; lastKnownFileType = sourcecode.swift; path = ViewController.swift; sourceTree = "<group>"; };
		1D916B991EBCD2B200220AC6 /* Base */ = {isa = PBXFileReference; lastKnownFileType = file.storyboard; name = Base; path = Base.lproj/Main.storyboard; sourceTree = "<group>"; };
		1D916B9B1EBCD2B200220AC6 /* Assets.xcassets */ = {isa = PBXFileReference; lastKnownFileType = folder.assetcatalog; path = Assets.xcassets; sourceTree = "<group>"; };
		1D916B9E1EBCD2B200220AC6 /* Base */ = {isa = PBXFileReference; lastKnownFileType = file.storyboard; name = Base; path = Base.lproj/LaunchScreen.storyboard; sourceTree = "<group>"; };
		1D916BA01EBCD2B200220AC6 /* Info.plist */ = {isa = PBXFileReference; lastKnownFileType = text.plist.xml; path = Info.plist; sourceTree = "<group>"; };
		1D916BA51EBCD2B200220AC6 /* 斗鱼(Swift)Tests.xctest */ = {isa = PBXFileReference; explicitFileType = wrapper.cfbundle; includeInIndex = 0; path = "斗鱼(Swift)Tests.xctest"; sourceTree = BUILT_PRODUCTS_DIR; };
		1D916BA91EBCD2B200220AC6 /* ___Swift_Tests.swift */ = {isa = PBXFileReference; lastKnownFileType = sourcecode.swift; path = "___Swift_Tests.swift"; sourceTree = "<group>"; };
		1D916BAB1EBCD2B200220AC6 /* Info.plist */ = {isa = PBXFileReference; lastKnownFileType = text.plist.xml; path = Info.plist; sourceTree = "<group>"; };
		1D916BB01EBCD2B200220AC6 /* 斗鱼(Swift)UITests.xctest */ = {isa = PBXFileReference; explicitFileType = wrapper.cfbundle; includeInIndex = 0; path = "斗鱼(Swift)UITests.xctest"; sourceTree = BUILT_PRODUCTS_DIR; };
		1D916BB41EBCD2B200220AC6 /* ___Swift_UITests.swift */ = {isa = PBXFileReference; lastKnownFileType = sourcecode.swift; path = "___Swift_UITests.swift"; sourceTree = "<group>"; };
		1D916BB61EBCD2B200220AC6 /* Info.plist */ = {isa = PBXFileReference; lastKnownFileType = text.plist.xml; path = Info.plist; sourceTree = "<group>"; };
		1DA2FF611EC3651D008642BA /* 斗鱼(Swift)-Bridging-Header.h */ = {isa = PBXFileReference; lastKnownFileType = sourcecode.c.h; path = "斗鱼(Swift)-Bridging-Header.h"; sourceTree = "<group>"; };
		1DBF71801EBF46E000E81710 /* HomeViewController.swift */ = {isa = PBXFileReference; fileEncoding = 4; lastKnownFileType = sourcecode.swift; path = HomeViewController.swift; sourceTree = "<group>"; };
		1DBF71831EBF46E000E81710 /* LiveViewController.swift */ = {isa = PBXFileReference; fileEncoding = 4; lastKnownFileType = sourcecode.swift; path = LiveViewController.swift; sourceTree = "<group>"; };
		1DBF71861EBF46E000E81710 /* MainNavController.swift */ = {isa = PBXFileReference; fileEncoding = 4; lastKnownFileType = sourcecode.swift; path = MainNavController.swift; sourceTree = "<group>"; };
		1DBF71871EBF46E000E81710 /* MainViewController.swift */ = {isa = PBXFileReference; fileEncoding = 4; lastKnownFileType = sourcecode.swift; path = MainViewController.swift; sourceTree = "<group>"; };
		1DBF718B1EBF46E000E81710 /* DeformationButton.h */ = {isa = PBXFileReference; fileEncoding = 4; lastKnownFileType = sourcecode.c.h; path = DeformationButton.h; sourceTree = "<group>"; };
		1DBF718C1EBF46E000E81710 /* DeformationButton.m */ = {isa = PBXFileReference; fileEncoding = 4; lastKnownFileType = sourcecode.c.objc; path = DeformationButton.m; sourceTree = "<group>"; };
		1DBF718E1EBF46E000E81710 /* MMMaterialDesignSpinner.h */ = {isa = PBXFileReference; fileEncoding = 4; lastKnownFileType = sourcecode.c.h; path = MMMaterialDesignSpinner.h; sourceTree = "<group>"; };
		1DBF718F1EBF46E000E81710 /* MMMaterialDesignSpinner.m */ = {isa = PBXFileReference; fileEncoding = 4; lastKnownFileType = sourcecode.c.objc; path = MMMaterialDesignSpinner.m; sourceTree = "<group>"; };
		1DBF71921EBF46E000E81710 /* MJRefreshAutoFooter.h */ = {isa = PBXFileReference; fileEncoding = 4; lastKnownFileType = sourcecode.c.h; path = MJRefreshAutoFooter.h; sourceTree = "<group>"; };
		1DBF71931EBF46E000E81710 /* MJRefreshAutoFooter.m */ = {isa = PBXFileReference; fileEncoding = 4; lastKnownFileType = sourcecode.c.objc; path = MJRefreshAutoFooter.m; sourceTree = "<group>"; };
		1DBF71941EBF46E000E81710 /* MJRefreshBackFooter.h */ = {isa = PBXFileReference; fileEncoding = 4; lastKnownFileType = sourcecode.c.h; path = MJRefreshBackFooter.h; sourceTree = "<group>"; };
		1DBF71951EBF46E000E81710 /* MJRefreshBackFooter.m */ = {isa = PBXFileReference; fileEncoding = 4; lastKnownFileType = sourcecode.c.objc; path = MJRefreshBackFooter.m; sourceTree = "<group>"; };
		1DBF71961EBF46E000E81710 /* MJRefreshComponent.h */ = {isa = PBXFileReference; fileEncoding = 4; lastKnownFileType = sourcecode.c.h; path = MJRefreshComponent.h; sourceTree = "<group>"; };
		1DBF71971EBF46E000E81710 /* MJRefreshComponent.m */ = {isa = PBXFileReference; fileEncoding = 4; lastKnownFileType = sourcecode.c.objc; path = MJRefreshComponent.m; sourceTree = "<group>"; };
		1DBF71981EBF46E000E81710 /* MJRefreshFooter.h */ = {isa = PBXFileReference; fileEncoding = 4; lastKnownFileType = sourcecode.c.h; path = MJRefreshFooter.h; sourceTree = "<group>"; };
		1DBF71991EBF46E000E81710 /* MJRefreshFooter.m */ = {isa = PBXFileReference; fileEncoding = 4; lastKnownFileType = sourcecode.c.objc; path = MJRefreshFooter.m; sourceTree = "<group>"; };
		1DBF719A1EBF46E000E81710 /* MJRefreshHeader.h */ = {isa = PBXFileReference; fileEncoding = 4; lastKnownFileType = sourcecode.c.h; path = MJRefreshHeader.h; sourceTree = "<group>"; };
		1DBF719B1EBF46E000E81710 /* MJRefreshHeader.m */ = {isa = PBXFileReference; fileEncoding = 4; lastKnownFileType = sourcecode.c.objc; path = MJRefreshHeader.m; sourceTree = "<group>"; };
		1DBF719F1EBF46E000E81710 /* MJRefreshAutoGifFooter.h */ = {isa = PBXFileReference; fileEncoding = 4; lastKnownFileType = sourcecode.c.h; path = MJRefreshAutoGifFooter.h; sourceTree = "<group>"; };
		1DBF71A01EBF46E000E81710 /* MJRefreshAutoGifFooter.m */ = {isa = PBXFileReference; fileEncoding = 4; lastKnownFileType = sourcecode.c.objc; path = MJRefreshAutoGifFooter.m; sourceTree = "<group>"; };
		1DBF71A11EBF46E000E81710 /* MJRefreshAutoNormalFooter.h */ = {isa = PBXFileReference; fileEncoding = 4; lastKnownFileType = sourcecode.c.h; path = MJRefreshAutoNormalFooter.h; sourceTree = "<group>"; };
		1DBF71A21EBF46E000E81710 /* MJRefreshAutoNormalFooter.m */ = {isa = PBXFileReference; fileEncoding = 4; lastKnownFileType = sourcecode.c.objc; path = MJRefreshAutoNormalFooter.m; sourceTree = "<group>"; };
		1DBF71A31EBF46E000E81710 /* MJRefreshAutoStateFooter.h */ = {isa = PBXFileReference; fileEncoding = 4; lastKnownFileType = sourcecode.c.h; path = MJRefreshAutoStateFooter.h; sourceTree = "<group>"; };
		1DBF71A41EBF46E000E81710 /* MJRefreshAutoStateFooter.m */ = {isa = PBXFileReference; fileEncoding = 4; lastKnownFileType = sourcecode.c.objc; path = MJRefreshAutoStateFooter.m; sourceTree = "<group>"; };
		1DBF71A61EBF46E000E81710 /* MJRefreshBackGifFooter.h */ = {isa = PBXFileReference; fileEncoding = 4; lastKnownFileType = sourcecode.c.h; path = MJRefreshBackGifFooter.h; sourceTree = "<group>"; };
		1DBF71A71EBF46E000E81710 /* MJRefreshBackGifFooter.m */ = {isa = PBXFileReference; fileEncoding = 4; lastKnownFileType = sourcecode.c.objc; path = MJRefreshBackGifFooter.m; sourceTree = "<group>"; };
		1DBF71A81EBF46E000E81710 /* MJRefreshBackNormalFooter.h */ = {isa = PBXFileReference; fileEncoding = 4; lastKnownFileType = sourcecode.c.h; path = MJRefreshBackNormalFooter.h; sourceTree = "<group>"; };
		1DBF71A91EBF46E000E81710 /* MJRefreshBackNormalFooter.m */ = {isa = PBXFileReference; fileEncoding = 4; lastKnownFileType = sourcecode.c.objc; path = MJRefreshBackNormalFooter.m; sourceTree = "<group>"; };
		1DBF71AA1EBF46E000E81710 /* MJRefreshBackStateFooter.h */ = {isa = PBXFileReference; fileEncoding = 4; lastKnownFileType = sourcecode.c.h; path = MJRefreshBackStateFooter.h; sourceTree = "<group>"; };
		1DBF71AB1EBF46E000E81710 /* MJRefreshBackStateFooter.m */ = {isa = PBXFileReference; fileEncoding = 4; lastKnownFileType = sourcecode.c.objc; path = MJRefreshBackStateFooter.m; sourceTree = "<group>"; };
		1DBF71AD1EBF46E000E81710 /* MJRefreshGifHeader.h */ = {isa = PBXFileReference; fileEncoding = 4; lastKnownFileType = sourcecode.c.h; path = MJRefreshGifHeader.h; sourceTree = "<group>"; };
		1DBF71AE1EBF46E000E81710 /* MJRefreshGifHeader.m */ = {isa = PBXFileReference; fileEncoding = 4; lastKnownFileType = sourcecode.c.objc; path = MJRefreshGifHeader.m; sourceTree = "<group>"; };
		1DBF71AF1EBF46E000E81710 /* MJRefreshNormalHeader.h */ = {isa = PBXFileReference; fileEncoding = 4; lastKnownFileType = sourcecode.c.h; path = MJRefreshNormalHeader.h; sourceTree = "<group>"; };
		1DBF71B01EBF46E000E81710 /* MJRefreshNormalHeader.m */ = {isa = PBXFileReference; fileEncoding = 4; lastKnownFileType = sourcecode.c.objc; path = MJRefreshNormalHeader.m; sourceTree = "<group>"; };
		1DBF71B11EBF46E000E81710 /* MJRefreshStateHeader.h */ = {isa = PBXFileReference; fileEncoding = 4; lastKnownFileType = sourcecode.c.h; path = MJRefreshStateHeader.h; sourceTree = "<group>"; };
		1DBF71B21EBF46E000E81710 /* MJRefreshStateHeader.m */ = {isa = PBXFileReference; fileEncoding = 4; lastKnownFileType = sourcecode.c.objc; path = MJRefreshStateHeader.m; sourceTree = "<group>"; };
		1DBF71B31EBF46E000E81710 /* MJRefresh.bundle */ = {isa = PBXFileReference; lastKnownFileType = "wrapper.plug-in"; path = MJRefresh.bundle; sourceTree = "<group>"; };
		1DBF71B41EBF46E000E81710 /* MJRefresh.h */ = {isa = PBXFileReference; fileEncoding = 4; lastKnownFileType = sourcecode.c.h; path = MJRefresh.h; sourceTree = "<group>"; };
		1DBF71B51EBF46E000E81710 /* MJRefreshConst.h */ = {isa = PBXFileReference; fileEncoding = 4; lastKnownFileType = sourcecode.c.h; path = MJRefreshConst.h; sourceTree = "<group>"; };
		1DBF71B61EBF46E000E81710 /* MJRefreshConst.m */ = {isa = PBXFileReference; fileEncoding = 4; lastKnownFileType = sourcecode.c.objc; path = MJRefreshConst.m; sourceTree = "<group>"; };
		1DBF71B71EBF46E000E81710 /* UIScrollView+MJExtension.h */ = {isa = PBXFileReference; fileEncoding = 4; lastKnownFileType = sourcecode.c.h; path = "UIScrollView+MJExtension.h"; sourceTree = "<group>"; };
		1DBF71B81EBF46E000E81710 /* UIScrollView+MJExtension.m */ = {isa = PBXFileReference; fileEncoding = 4; lastKnownFileType = sourcecode.c.objc; path = "UIScrollView+MJExtension.m"; sourceTree = "<group>"; };
		1DBF71B91EBF46E000E81710 /* UIScrollView+MJRefresh.h */ = {isa = PBXFileReference; fileEncoding = 4; lastKnownFileType = sourcecode.c.h; path = "UIScrollView+MJRefresh.h"; sourceTree = "<group>"; };
		1DBF71BA1EBF46E000E81710 /* UIScrollView+MJRefresh.m */ = {isa = PBXFileReference; fileEncoding = 4; lastKnownFileType = sourcecode.c.objc; path = "UIScrollView+MJRefresh.m"; sourceTree = "<group>"; };
		1DBF71BB1EBF46E000E81710 /* UIView+MJExtension.h */ = {isa = PBXFileReference; fileEncoding = 4; lastKnownFileType = sourcecode.c.h; path = "UIView+MJExtension.h"; sourceTree = "<group>"; };
		1DBF71BC1EBF46E000E81710 /* UIView+MJExtension.m */ = {isa = PBXFileReference; fileEncoding = 4; lastKnownFileType = sourcecode.c.objc; path = "UIView+MJExtension.m"; sourceTree = "<group>"; };
		1DBF71C01EBF46E000E81710 /* UIView+LYMExtension.h */ = {isa = PBXFileReference; fileEncoding = 4; lastKnownFileType = sourcecode.c.h; path = "UIView+LYMExtension.h"; sourceTree = "<group>"; };
		1DBF71C11EBF46E000E81710 /* UIView+LYMExtension.m */ = {isa = PBXFileReference; fileEncoding = 4; lastKnownFileType = sourcecode.c.objc; path = "UIView+LYMExtension.m"; sourceTree = "<group>"; };
		1DBF71C31EBF46E000E81710 /* placeholder.png */ = {isa = PBXFileReference; lastKnownFileType = image.png; path = placeholder.png; sourceTree = "<group>"; };
		1DBF71C41EBF46E000E81710 /* XRCarouselView.h */ = {isa = PBXFileReference; fileEncoding = 4; lastKnownFileType = sourcecode.c.h; path = XRCarouselView.h; sourceTree = "<group>"; };
		1DBF71C51EBF46E000E81710 /* XRCarouselView.m */ = {isa = PBXFileReference; fileEncoding = 4; lastKnownFileType = sourcecode.c.objc; path = XRCarouselView.m; sourceTree = "<group>"; };
		1DBF71C81EBF46E000E81710 /* ProfileViewController.swift */ = {isa = PBXFileReference; fileEncoding = 4; lastKnownFileType = sourcecode.swift; path = ProfileViewController.swift; sourceTree = "<group>"; };
		1DBF71CB1EBF46E000E81710 /* RommViewController.swift */ = {isa = PBXFileReference; fileEncoding = 4; lastKnownFileType = sourcecode.swift; path = RommViewController.swift; sourceTree = "<group>"; };
		40505A1E382B0C46EBDA9927 /* Pods____Swift_Tests.framework */ = {isa = PBXFileReference; explicitFileType = wrapper.framework; includeInIndex = 0; path = "Pods____Swift_Tests.framework"; sourceTree = BUILT_PRODUCTS_DIR; };
		9A3A89D01345DE4F7BF27121 /* Pods-斗鱼(Swift).release.xcconfig */ = {isa = PBXFileReference; includeInIndex = 1; lastKnownFileType = text.xcconfig; name = "Pods-斗鱼(Swift).release.xcconfig"; path = "Pods/Target Support Files/Pods-斗鱼(Swift)/Pods-斗鱼(Swift).release.xcconfig"; sourceTree = "<group>"; };
		C54D00E8AE6BE383DB143F41 /* Pods____Swift_.framework */ = {isa = PBXFileReference; explicitFileType = wrapper.framework; includeInIndex = 0; path = "Pods____Swift_.framework"; sourceTree = BUILT_PRODUCTS_DIR; };
		EC5E2457835A3A8DE2EEC842 /* Pods-斗鱼(Swift).debug.xcconfig */ = {isa = PBXFileReference; includeInIndex = 1; lastKnownFileType = text.xcconfig; name = "Pods-斗鱼(Swift).debug.xcconfig"; path = "Pods/Target Support Files/Pods-斗鱼(Swift)/Pods-斗鱼(Swift).debug.xcconfig"; sourceTree = "<group>"; };
		EF5CB0B5EB0FC8E816F8AD12 /* Pods____Swift_UITests.framework */ = {isa = PBXFileReference; explicitFileType = wrapper.framework; includeInIndex = 0; path = "Pods____Swift_UITests.framework"; sourceTree = BUILT_PRODUCTS_DIR; };
/* End PBXFileReference section */

/* Begin PBXFrameworksBuildPhase section */
		1D916B8E1EBCD2B200220AC6 /* Frameworks */ = {
			isa = PBXFrameworksBuildPhase;
			buildActionMask = 2147483647;
			files = (
				A1EBB2ED34ECFC9B860EF56D /* Pods____Swift_.framework in Frameworks */,
			);
			runOnlyForDeploymentPostprocessing = 0;
		};
		1D916BA21EBCD2B200220AC6 /* Frameworks */ = {
			isa = PBXFrameworksBuildPhase;
			buildActionMask = 2147483647;
			files = (
			);
			runOnlyForDeploymentPostprocessing = 0;
		};
		1D916BAD1EBCD2B200220AC6 /* Frameworks */ = {
			isa = PBXFrameworksBuildPhase;
			buildActionMask = 2147483647;
			files = (
			);
			runOnlyForDeploymentPostprocessing = 0;
		};
/* End PBXFrameworksBuildPhase section */

/* Begin PBXGroup section */
		1D916B881EBCD2B200220AC6 = {
			isa = PBXGroup;
			children = (
				1D916B931EBCD2B200220AC6 /* 斗鱼(Swift) */,
				1D916BA81EBCD2B200220AC6 /* 斗鱼(Swift)Tests */,
				1D916BB31EBCD2B200220AC6 /* 斗鱼(Swift)UITests */,
				1D916B921EBCD2B200220AC6 /* Products */,
				D65016F37F4ABBA67492D293 /* Pods */,
				BD2F12AA08F773403DB4F175 /* Frameworks */,
			);
			sourceTree = "<group>";
		};
		1D916B921EBCD2B200220AC6 /* Products */ = {
			isa = PBXGroup;
			children = (
				1D916B911EBCD2B200220AC6 /* 斗鱼(Swift).app */,
				1D916BA51EBCD2B200220AC6 /* 斗鱼(Swift)Tests.xctest */,
				1D916BB01EBCD2B200220AC6 /* 斗鱼(Swift)UITests.xctest */,
			);
			name = Products;
			sourceTree = "<group>";
		};
		1D916B931EBCD2B200220AC6 /* 斗鱼(Swift) */ = {
			isa = PBXGroup;
			children = (
				1DBF717D1EBF46E000E81710 /* Classes */,
				1D916B941EBCD2B200220AC6 /* AppDelegate.swift */,
				1D916B961EBCD2B200220AC6 /* ViewController.swift */,
				1DA2FF611EC3651D008642BA /* 斗鱼(Swift)-Bridging-Header.h */,
				1D916B981EBCD2B200220AC6 /* Main.storyboard */,
				1D916B9B1EBCD2B200220AC6 /* Assets.xcassets */,
				1D916B9D1EBCD2B200220AC6 /* LaunchScreen.storyboard */,
				1D916BA01EBCD2B200220AC6 /* Info.plist */,
			);
			path = "斗鱼(Swift)";
			sourceTree = "<group>";
		};
		1D916BA81EBCD2B200220AC6 /* 斗鱼(Swift)Tests */ = {
			isa = PBXGroup;
			children = (
				1D916BA91EBCD2B200220AC6 /* ___Swift_Tests.swift */,
				1D916BAB1EBCD2B200220AC6 /* Info.plist */,
			);
			path = "斗鱼(Swift)Tests";
			sourceTree = "<group>";
		};
		1D916BB31EBCD2B200220AC6 /* 斗鱼(Swift)UITests */ = {
			isa = PBXGroup;
			children = (
				1D916BB41EBCD2B200220AC6 /* ___Swift_UITests.swift */,
				1D916BB61EBCD2B200220AC6 /* Info.plist */,
			);
			path = "斗鱼(Swift)UITests";
			sourceTree = "<group>";
		};
		1DBF717D1EBF46E000E81710 /* Classes */ = {
			isa = PBXGroup;
			children = (
				1DBF717E1EBF46E000E81710 /* Home */,
				1DBF71811EBF46E000E81710 /* Live */,
				1DBF71841EBF46E000E81710 /* Main */,
				1DBF71891EBF46E000E81710 /* Other */,
				1DBF71C61EBF46E000E81710 /* Profile */,
				1DBF71C91EBF46E000E81710 /* Room */,
			);
			path = Classes;
			sourceTree = "<group>";
		};
		1DBF717E1EBF46E000E81710 /* Home */ = {
			isa = PBXGroup;
			children = (
				1DBF717F1EBF46E000E81710 /* Controller */,
			);
			path = Home;
			sourceTree = "<group>";
		};
		1DBF717F1EBF46E000E81710 /* Controller */ = {
			isa = PBXGroup;
			children = (
				1DBF71801EBF46E000E81710 /* HomeViewController.swift */,
			);
			path = Controller;
			sourceTree = "<group>";
		};
		1DBF71811EBF46E000E81710 /* Live */ = {
			isa = PBXGroup;
			children = (
				1DBF71821EBF46E000E81710 /* Controller */,
			);
			path = Live;
			sourceTree = "<group>";
		};
		1DBF71821EBF46E000E81710 /* Controller */ = {
			isa = PBXGroup;
			children = (
				1DBF71831EBF46E000E81710 /* LiveViewController.swift */,
			);
			path = Controller;
			sourceTree = "<group>";
		};
		1DBF71841EBF46E000E81710 /* Main */ = {
			isa = PBXGroup;
			children = (
				1DBF71851EBF46E000E81710 /* Controller */,
			);
			path = Main;
			sourceTree = "<group>";
		};
		1DBF71851EBF46E000E81710 /* Controller */ = {
			isa = PBXGroup;
			children = (
				1DBF71861EBF46E000E81710 /* MainNavController.swift */,
				1DBF71871EBF46E000E81710 /* MainViewController.swift */,
			);
			path = Controller;
			sourceTree = "<group>";
		};
		1DBF71891EBF46E000E81710 /* Other */ = {
			isa = PBXGroup;
			children = (
				1DBF718A1EBF46E000E81710 /* DeformationButton */,
				1DBF71901EBF46E000E81710 /* MJRefresh */,
				1DBF71BD1EBF46E000E81710 /* ScrollToTop */,
				1DBF71C21EBF46E000E81710 /* XRCarouselView */,
			);
			path = Other;
			sourceTree = "<group>";
		};
		1DBF718A1EBF46E000E81710 /* DeformationButton */ = {
			isa = PBXGroup;
			children = (
				1DBF718B1EBF46E000E81710 /* DeformationButton.h */,
				1DBF718C1EBF46E000E81710 /* DeformationButton.m */,
				1DBF718D1EBF46E000E81710 /* MMMaterialDesignSpinner-master */,
			);
			path = DeformationButton;
			sourceTree = "<group>";
		};
		1DBF718D1EBF46E000E81710 /* MMMaterialDesignSpinner-master */ = {
			isa = PBXGroup;
			children = (
				1DBF718E1EBF46E000E81710 /* MMMaterialDesignSpinner.h */,
				1DBF718F1EBF46E000E81710 /* MMMaterialDesignSpinner.m */,
			);
			path = "MMMaterialDesignSpinner-master";
			sourceTree = "<group>";
		};
		1DBF71901EBF46E000E81710 /* MJRefresh */ = {
			isa = PBXGroup;
			children = (
				1DBF71911EBF46E000E81710 /* Base */,
				1DBF719C1EBF46E000E81710 /* Custom */,
				1DBF71B31EBF46E000E81710 /* MJRefresh.bundle */,
				1DBF71B41EBF46E000E81710 /* MJRefresh.h */,
				1DBF71B51EBF46E000E81710 /* MJRefreshConst.h */,
				1DBF71B61EBF46E000E81710 /* MJRefreshConst.m */,
				1DBF71B71EBF46E000E81710 /* UIScrollView+MJExtension.h */,
				1DBF71B81EBF46E000E81710 /* UIScrollView+MJExtension.m */,
				1DBF71B91EBF46E000E81710 /* UIScrollView+MJRefresh.h */,
				1DBF71BA1EBF46E000E81710 /* UIScrollView+MJRefresh.m */,
				1DBF71BB1EBF46E000E81710 /* UIView+MJExtension.h */,
				1DBF71BC1EBF46E000E81710 /* UIView+MJExtension.m */,
			);
			path = MJRefresh;
			sourceTree = "<group>";
		};
		1DBF71911EBF46E000E81710 /* Base */ = {
			isa = PBXGroup;
			children = (
				1DBF71921EBF46E000E81710 /* MJRefreshAutoFooter.h */,
				1DBF71931EBF46E000E81710 /* MJRefreshAutoFooter.m */,
				1DBF71941EBF46E000E81710 /* MJRefreshBackFooter.h */,
				1DBF71951EBF46E000E81710 /* MJRefreshBackFooter.m */,
				1DBF71961EBF46E000E81710 /* MJRefreshComponent.h */,
				1DBF71971EBF46E000E81710 /* MJRefreshComponent.m */,
				1DBF71981EBF46E000E81710 /* MJRefreshFooter.h */,
				1DBF71991EBF46E000E81710 /* MJRefreshFooter.m */,
				1DBF719A1EBF46E000E81710 /* MJRefreshHeader.h */,
				1DBF719B1EBF46E000E81710 /* MJRefreshHeader.m */,
			);
			path = Base;
			sourceTree = "<group>";
		};
		1DBF719C1EBF46E000E81710 /* Custom */ = {
			isa = PBXGroup;
			children = (
				1DBF719D1EBF46E000E81710 /* Footer */,
				1DBF71AC1EBF46E000E81710 /* Header */,
			);
			path = Custom;
			sourceTree = "<group>";
		};
		1DBF719D1EBF46E000E81710 /* Footer */ = {
			isa = PBXGroup;
			children = (
				1DBF719E1EBF46E000E81710 /* Auto */,
				1DBF71A51EBF46E000E81710 /* Back */,
			);
			path = Footer;
			sourceTree = "<group>";
		};
		1DBF719E1EBF46E000E81710 /* Auto */ = {
			isa = PBXGroup;
			children = (
				1DBF719F1EBF46E000E81710 /* MJRefreshAutoGifFooter.h */,
				1DBF71A01EBF46E000E81710 /* MJRefreshAutoGifFooter.m */,
				1DBF71A11EBF46E000E81710 /* MJRefreshAutoNormalFooter.h */,
				1DBF71A21EBF46E000E81710 /* MJRefreshAutoNormalFooter.m */,
				1DBF71A31EBF46E000E81710 /* MJRefreshAutoStateFooter.h */,
				1DBF71A41EBF46E000E81710 /* MJRefreshAutoStateFooter.m */,
			);
			path = Auto;
			sourceTree = "<group>";
		};
		1DBF71A51EBF46E000E81710 /* Back */ = {
			isa = PBXGroup;
			children = (
				1DBF71A61EBF46E000E81710 /* MJRefreshBackGifFooter.h */,
				1DBF71A71EBF46E000E81710 /* MJRefreshBackGifFooter.m */,
				1DBF71A81EBF46E000E81710 /* MJRefreshBackNormalFooter.h */,
				1DBF71A91EBF46E000E81710 /* MJRefreshBackNormalFooter.m */,
				1DBF71AA1EBF46E000E81710 /* MJRefreshBackStateFooter.h */,
				1DBF71AB1EBF46E000E81710 /* MJRefreshBackStateFooter.m */,
			);
			path = Back;
			sourceTree = "<group>";
		};
		1DBF71AC1EBF46E000E81710 /* Header */ = {
			isa = PBXGroup;
			children = (
				1DBF71AD1EBF46E000E81710 /* MJRefreshGifHeader.h */,
				1DBF71AE1EBF46E000E81710 /* MJRefreshGifHeader.m */,
				1DBF71AF1EBF46E000E81710 /* MJRefreshNormalHeader.h */,
				1DBF71B01EBF46E000E81710 /* MJRefreshNormalHeader.m */,
				1DBF71B11EBF46E000E81710 /* MJRefreshStateHeader.h */,
				1DBF71B21EBF46E000E81710 /* MJRefreshStateHeader.m */,
			);
			path = Header;
			sourceTree = "<group>";
		};
		1DBF71BD1EBF46E000E81710 /* ScrollToTop */ = {
			isa = PBXGroup;
			children = (
				1DBF71C01EBF46E000E81710 /* UIView+LYMExtension.h */,
				1DBF71C11EBF46E000E81710 /* UIView+LYMExtension.m */,
			);
			path = ScrollToTop;
			sourceTree = "<group>";
		};
		1DBF71C21EBF46E000E81710 /* XRCarouselView */ = {
			isa = PBXGroup;
			children = (
				1DBF71C31EBF46E000E81710 /* placeholder.png */,
				1DBF71C41EBF46E000E81710 /* XRCarouselView.h */,
				1DBF71C51EBF46E000E81710 /* XRCarouselView.m */,
			);
			path = XRCarouselView;
			sourceTree = "<group>";
		};
		1DBF71C61EBF46E000E81710 /* Profile */ = {
			isa = PBXGroup;
			children = (
				1DBF71C71EBF46E000E81710 /* Controller */,
			);
			path = Profile;
			sourceTree = "<group>";
		};
		1DBF71C71EBF46E000E81710 /* Controller */ = {
			isa = PBXGroup;
			children = (
				1DBF71C81EBF46E000E81710 /* ProfileViewController.swift */,
			);
			path = Controller;
			sourceTree = "<group>";
		};
		1DBF71C91EBF46E000E81710 /* Room */ = {
			isa = PBXGroup;
			children = (
				1DBF71CA1EBF46E000E81710 /* Controller */,
			);
			path = Room;
			sourceTree = "<group>";
		};
		1DBF71CA1EBF46E000E81710 /* Controller */ = {
			isa = PBXGroup;
			children = (
				1DBF71CB1EBF46E000E81710 /* RommViewController.swift */,
			);
			path = Controller;
			sourceTree = "<group>";
		};
		BD2F12AA08F773403DB4F175 /* Frameworks */ = {
			isa = PBXGroup;
			children = (
				C54D00E8AE6BE383DB143F41 /* Pods____Swift_.framework */,
				40505A1E382B0C46EBDA9927 /* Pods____Swift_Tests.framework */,
				EF5CB0B5EB0FC8E816F8AD12 /* Pods____Swift_UITests.framework */,
			);
			name = Frameworks;
			sourceTree = "<group>";
		};
		D65016F37F4ABBA67492D293 /* Pods */ = {
			isa = PBXGroup;
			children = (
				EC5E2457835A3A8DE2EEC842 /* Pods-斗鱼(Swift).debug.xcconfig */,
				9A3A89D01345DE4F7BF27121 /* Pods-斗鱼(Swift).release.xcconfig */,
			);
			name = Pods;
			sourceTree = "<group>";
		};
/* End PBXGroup section */

/* Begin PBXNativeTarget section */
		1D916B901EBCD2B200220AC6 /* 斗鱼(Swift) */ = {
			isa = PBXNativeTarget;
			buildConfigurationList = 1D916BB91EBCD2B200220AC6 /* Build configuration list for PBXNativeTarget "斗鱼(Swift)" */;
			buildPhases = (
				70994061834C95308D0F36EC /* [CP] Check Pods Manifest.lock */,
				1D916B8D1EBCD2B200220AC6 /* Sources */,
				1D916B8E1EBCD2B200220AC6 /* Frameworks */,
				1D916B8F1EBCD2B200220AC6 /* Resources */,
				E3EF5D48C4A72BAE4D270A29 /* [CP] Embed Pods Frameworks */,
				A051B960BB828C31AC9802B4 /* [CP] Copy Pods Resources */,
			);
			buildRules = (
			);
			dependencies = (
			);
			name = "斗鱼(Swift)";
			productName = "斗鱼(Swift)";
			productReference = 1D916B911EBCD2B200220AC6 /* 斗鱼(Swift).app */;
			productType = "com.apple.product-type.application";
		};
		1D916BA41EBCD2B200220AC6 /* 斗鱼(Swift)Tests */ = {
			isa = PBXNativeTarget;
			buildConfigurationList = 1D916BBC1EBCD2B200220AC6 /* Build configuration list for PBXNativeTarget "斗鱼(Swift)Tests" */;
			buildPhases = (
				1D916BA11EBCD2B200220AC6 /* Sources */,
				1D916BA21EBCD2B200220AC6 /* Frameworks */,
				1D916BA31EBCD2B200220AC6 /* Resources */,
			);
			buildRules = (
			);
			dependencies = (
				1D916BA71EBCD2B200220AC6 /* PBXTargetDependency */,
			);
			name = "斗鱼(Swift)Tests";
			productName = "斗鱼(Swift)Tests";
			productReference = 1D916BA51EBCD2B200220AC6 /* 斗鱼(Swift)Tests.xctest */;
			productType = "com.apple.product-type.bundle.unit-test";
		};
		1D916BAF1EBCD2B200220AC6 /* 斗鱼(Swift)UITests */ = {
			isa = PBXNativeTarget;
			buildConfigurationList = 1D916BBF1EBCD2B200220AC6 /* Build configuration list for PBXNativeTarget "斗鱼(Swift)UITests" */;
			buildPhases = (
				1D916BAC1EBCD2B200220AC6 /* Sources */,
				1D916BAD1EBCD2B200220AC6 /* Frameworks */,
				1D916BAE1EBCD2B200220AC6 /* Resources */,
			);
			buildRules = (
			);
			dependencies = (
				1D916BB21EBCD2B200220AC6 /* PBXTargetDependency */,
			);
			name = "斗鱼(Swift)UITests";
			productName = "斗鱼(Swift)UITests";
			productReference = 1D916BB01EBCD2B200220AC6 /* 斗鱼(Swift)UITests.xctest */;
			productType = "com.apple.product-type.bundle.ui-testing";
		};
/* End PBXNativeTarget section */

/* Begin PBXProject section */
		1D916B891EBCD2B200220AC6 /* Project object */ = {
			isa = PBXProject;
			attributes = {
				LastSwiftUpdateCheck = 0830;
				LastUpgradeCheck = 0830;
				ORGANIZATIONNAME = "醉看红尘这场梦";
				TargetAttributes = {
					1D916B901EBCD2B200220AC6 = {
						CreatedOnToolsVersion = 8.3.2;
						DevelopmentTeam = C4R9UP276A;
						LastSwiftMigration = 0830;
						ProvisioningStyle = Automatic;
					};
					1D916BA41EBCD2B200220AC6 = {
						CreatedOnToolsVersion = 8.3.2;
						DevelopmentTeam = C4R9UP276A;
						ProvisioningStyle = Automatic;
						TestTargetID = 1D916B901EBCD2B200220AC6;
					};
					1D916BAF1EBCD2B200220AC6 = {
						CreatedOnToolsVersion = 8.3.2;
						DevelopmentTeam = C4R9UP276A;
						ProvisioningStyle = Automatic;
						TestTargetID = 1D916B901EBCD2B200220AC6;
					};
				};
			};
			buildConfigurationList = 1D916B8C1EBCD2B200220AC6 /* Build configuration list for PBXProject "斗鱼(Swift)" */;
			compatibilityVersion = "Xcode 3.2";
			developmentRegion = English;
			hasScannedForEncodings = 0;
			knownRegions = (
				en,
				Base,
			);
			mainGroup = 1D916B881EBCD2B200220AC6;
			productRefGroup = 1D916B921EBCD2B200220AC6 /* Products */;
			projectDirPath = "";
			projectRoot = "";
			targets = (
				1D916B901EBCD2B200220AC6 /* 斗鱼(Swift) */,
				1D916BA41EBCD2B200220AC6 /* 斗鱼(Swift)Tests */,
				1D916BAF1EBCD2B200220AC6 /* 斗鱼(Swift)UITests */,
			);
		};
/* End PBXProject section */

/* Begin PBXResourcesBuildPhase section */
		1D916B8F1EBCD2B200220AC6 /* Resources */ = {
			isa = PBXResourcesBuildPhase;
			buildActionMask = 2147483647;
			files = (
				1D916B9F1EBCD2B200220AC6 /* LaunchScreen.storyboard in Resources */,
				1D916B9C1EBCD2B200220AC6 /* Assets.xcassets in Resources */,
				1DBF71E01EBF46E000E81710 /* MJRefresh.bundle in Resources */,
				1DBF71E71EBF46E000E81710 /* placeholder.png in Resources */,
				1D916B9A1EBCD2B200220AC6 /* Main.storyboard in Resources */,
			);
			runOnlyForDeploymentPostprocessing = 0;
		};
		1D916BA31EBCD2B200220AC6 /* Resources */ = {
			isa = PBXResourcesBuildPhase;
			buildActionMask = 2147483647;
			files = (
			);
			runOnlyForDeploymentPostprocessing = 0;
		};
		1D916BAE1EBCD2B200220AC6 /* Resources */ = {
			isa = PBXResourcesBuildPhase;
			buildActionMask = 2147483647;
			files = (
			);
			runOnlyForDeploymentPostprocessing = 0;
		};
/* End PBXResourcesBuildPhase section */

/* Begin PBXShellScriptBuildPhase section */
		70994061834C95308D0F36EC /* [CP] Check Pods Manifest.lock */ = {
			isa = PBXShellScriptBuildPhase;
			buildActionMask = 2147483647;
			files = (
			);
			inputPaths = (
			);
			name = "[CP] Check Pods Manifest.lock";
			outputPaths = (
			);
			runOnlyForDeploymentPostprocessing = 0;
			shellPath = /bin/sh;
			shellScript = "diff \"${PODS_PODFILE_DIR_PATH}/Podfile.lock\" \"${PODS_ROOT}/Manifest.lock\" > /dev/null\nif [ $? != 0 ] ; then\n    # print error to STDERR\n    echo \"error: The sandbox is not in sync with the Podfile.lock. Run 'pod install' or update your CocoaPods installation.\" >&2\n    exit 1\nfi\n";
			showEnvVarsInLog = 0;
		};
		A051B960BB828C31AC9802B4 /* [CP] Copy Pods Resources */ = {
			isa = PBXShellScriptBuildPhase;
			buildActionMask = 2147483647;
			files = (
			);
			inputPaths = (
			);
			name = "[CP] Copy Pods Resources";
			outputPaths = (
			);
			runOnlyForDeploymentPostprocessing = 0;
			shellPath = /bin/sh;
			shellScript = "\"${SRCROOT}/Pods/Target Support Files/Pods-斗鱼(Swift)/Pods-斗鱼(Swift)-resources.sh\"\n";
			showEnvVarsInLog = 0;
		};
		E3EF5D48C4A72BAE4D270A29 /* [CP] Embed Pods Frameworks */ = {
			isa = PBXShellScriptBuildPhase;
			buildActionMask = 2147483647;
			files = (
			);
			inputPaths = (
			);
			name = "[CP] Embed Pods Frameworks";
			outputPaths = (
			);
			runOnlyForDeploymentPostprocessing = 0;
			shellPath = /bin/sh;
			shellScript = "\"${SRCROOT}/Pods/Target Support Files/Pods-斗鱼(Swift)/Pods-斗鱼(Swift)-frameworks.sh\"\n";
			showEnvVarsInLog = 0;
		};
/* End PBXShellScriptBuildPhase section */

/* Begin PBXSourcesBuildPhase section */
		1D916B8D1EBCD2B200220AC6 /* Sources */ = {
			isa = PBXSourcesBuildPhase;
			buildActionMask = 2147483647;
			files = (
				1DBF71CE1EBF46E000E81710 /* MainNavController.swift in Sources */,
				1DBF71DA1EBF46E000E81710 /* MJRefreshBackGifFooter.m in Sources */,
				1DBF71EA1EBF46E000E81710 /* RommViewController.swift in Sources */,
				1DBF71D71EBF46E000E81710 /* MJRefreshAutoGifFooter.m in Sources */,
				1DBF71DE1EBF46E000E81710 /* MJRefreshNormalHeader.m in Sources */,
				1DBF71D01EBF46E000E81710 /* DeformationButton.m in Sources */,
				1D916B971EBCD2B200220AC6 /* ViewController.swift in Sources */,
				1DBF71E61EBF46E000E81710 /* UIView+LYMExtension.m in Sources */,
				1DBF71D91EBF46E000E81710 /* MJRefreshAutoStateFooter.m in Sources */,
				1DBF71E11EBF46E000E81710 /* MJRefreshConst.m in Sources */,
				1D916B951EBCD2B200220AC6 /* AppDelegate.swift in Sources */,
				1DBF71E41EBF46E000E81710 /* UIView+MJExtension.m in Sources */,
				1DBF71E91EBF46E000E81710 /* ProfileViewController.swift in Sources */,
				1DBF71CF1EBF46E000E81710 /* MainViewController.swift in Sources */,
				1DBF71E81EBF46E000E81710 /* XRCarouselView.m in Sources */,
				1DBF71DD1EBF46E000E81710 /* MJRefreshGifHeader.m in Sources */,
				1DBF71D51EBF46E000E81710 /* MJRefreshFooter.m in Sources */,
				1DBF71E21EBF46E000E81710 /* UIScrollView+MJExtension.m in Sources */,
				1DBF71E31EBF46E000E81710 /* UIScrollView+MJRefresh.m in Sources */,
				1DBF71DF1EBF46E000E81710 /* MJRefreshStateHeader.m in Sources */,
				1DBF71CD1EBF46E000E81710 /* LiveViewController.swift in Sources */,
				1DBF71D41EBF46E000E81710 /* MJRefreshComponent.m in Sources */,
				1DBF71DC1EBF46E000E81710 /* MJRefreshBackStateFooter.m in Sources */,
				1DBF71D61EBF46E000E81710 /* MJRefreshHeader.m in Sources */,
				1DBF71D11EBF46E000E81710 /* MMMaterialDesignSpinner.m in Sources */,
				1DBF71D81EBF46E000E81710 /* MJRefreshAutoNormalFooter.m in Sources */,
				1DBF71D21EBF46E000E81710 /* MJRefreshAutoFooter.m in Sources */,
				1DBF71DB1EBF46E000E81710 /* MJRefreshBackNormalFooter.m in Sources */,
				1DBF71D31EBF46E000E81710 /* MJRefreshBackFooter.m in Sources */,
				1DBF71CC1EBF46E000E81710 /* HomeViewController.swift in Sources */,
			);
			runOnlyForDeploymentPostprocessing = 0;
		};
		1D916BA11EBCD2B200220AC6 /* Sources */ = {
			isa = PBXSourcesBuildPhase;
			buildActionMask = 2147483647;
			files = (
				1D916BAA1EBCD2B200220AC6 /* ___Swift_Tests.swift in Sources */,
			);
			runOnlyForDeploymentPostprocessing = 0;
		};
		1D916BAC1EBCD2B200220AC6 /* Sources */ = {
			isa = PBXSourcesBuildPhase;
			buildActionMask = 2147483647;
			files = (
				1D916BB51EBCD2B200220AC6 /* ___Swift_UITests.swift in Sources */,
			);
			runOnlyForDeploymentPostprocessing = 0;
		};
/* End PBXSourcesBuildPhase section */

/* Begin PBXTargetDependency section */
		1D916BA71EBCD2B200220AC6 /* PBXTargetDependency */ = {
			isa = PBXTargetDependency;
			target = 1D916B901EBCD2B200220AC6 /* 斗鱼(Swift) */;
			targetProxy = 1D916BA61EBCD2B200220AC6 /* PBXContainerItemProxy */;
		};
		1D916BB21EBCD2B200220AC6 /* PBXTargetDependency */ = {
			isa = PBXTargetDependency;
			target = 1D916B901EBCD2B200220AC6 /* 斗鱼(Swift) */;
			targetProxy = 1D916BB11EBCD2B200220AC6 /* PBXContainerItemProxy */;
		};
/* End PBXTargetDependency section */

/* Begin PBXVariantGroup section */
		1D916B981EBCD2B200220AC6 /* Main.storyboard */ = {
			isa = PBXVariantGroup;
			children = (
				1D916B991EBCD2B200220AC6 /* Base */,
			);
			name = Main.storyboard;
			sourceTree = "<group>";
		};
		1D916B9D1EBCD2B200220AC6 /* LaunchScreen.storyboard */ = {
			isa = PBXVariantGroup;
			children = (
				1D916B9E1EBCD2B200220AC6 /* Base */,
			);
			name = LaunchScreen.storyboard;
			sourceTree = "<group>";
		};
/* End PBXVariantGroup section */

/* Begin XCBuildConfiguration section */
		1D916BB71EBCD2B200220AC6 /* Debug */ = {
			isa = XCBuildConfiguration;
			buildSettings = {
				ALWAYS_SEARCH_USER_PATHS = NO;
				CLANG_ANALYZER_NONNULL = YES;
				CLANG_ANALYZER_NUMBER_OBJECT_CONVERSION = YES_AGGRESSIVE;
				CLANG_CXX_LANGUAGE_STANDARD = "gnu++0x";
				CLANG_CXX_LIBRARY = "libc++";
				CLANG_ENABLE_MODULES = YES;
				CLANG_ENABLE_OBJC_ARC = YES;
				CLANG_WARN_BOOL_CONVERSION = YES;
				CLANG_WARN_CONSTANT_CONVERSION = YES;
				CLANG_WARN_DIRECT_OBJC_ISA_USAGE = YES_ERROR;
				CLANG_WARN_DOCUMENTATION_COMMENTS = YES;
				CLANG_WARN_EMPTY_BODY = YES;
				CLANG_WARN_ENUM_CONVERSION = YES;
				CLANG_WARN_INFINITE_RECURSION = YES;
				CLANG_WARN_INT_CONVERSION = YES;
				CLANG_WARN_OBJC_ROOT_CLASS = YES_ERROR;
				CLANG_WARN_SUSPICIOUS_MOVE = YES;
				CLANG_WARN_UNREACHABLE_CODE = YES;
				CLANG_WARN__DUPLICATE_METHOD_MATCH = YES;
				"CODE_SIGN_IDENTITY[sdk=iphoneos*]" = "iPhone Developer";
				COPY_PHASE_STRIP = NO;
				DEBUG_INFORMATION_FORMAT = dwarf;
				ENABLE_STRICT_OBJC_MSGSEND = YES;
				ENABLE_TESTABILITY = YES;
				GCC_C_LANGUAGE_STANDARD = gnu99;
				GCC_DYNAMIC_NO_PIC = NO;
				GCC_NO_COMMON_BLOCKS = YES;
				GCC_OPTIMIZATION_LEVEL = 0;
				GCC_PREPROCESSOR_DEFINITIONS = (
					"DEBUG=1",
					"$(inherited)",
				);
				GCC_WARN_64_TO_32_BIT_CONVERSION = YES;
				GCC_WARN_ABOUT_RETURN_TYPE = YES_ERROR;
				GCC_WARN_UNDECLARED_SELECTOR = YES;
				GCC_WARN_UNINITIALIZED_AUTOS = YES_AGGRESSIVE;
				GCC_WARN_UNUSED_FUNCTION = YES;
				GCC_WARN_UNUSED_VARIABLE = YES;
				IPHONEOS_DEPLOYMENT_TARGET = 10.3;
				MTL_ENABLE_DEBUG_INFO = YES;
				ONLY_ACTIVE_ARCH = YES;
				SDKROOT = iphoneos;
				SWIFT_ACTIVE_COMPILATION_CONDITIONS = DEBUG;
				SWIFT_OPTIMIZATION_LEVEL = "-Onone";
			};
			name = Debug;
		};
		1D916BB81EBCD2B200220AC6 /* Release */ = {
			isa = XCBuildConfiguration;
			buildSettings = {
				ALWAYS_SEARCH_USER_PATHS = NO;
				CLANG_ANALYZER_NONNULL = YES;
				CLANG_ANALYZER_NUMBER_OBJECT_CONVERSION = YES_AGGRESSIVE;
				CLANG_CXX_LANGUAGE_STANDARD = "gnu++0x";
				CLANG_CXX_LIBRARY = "libc++";
				CLANG_ENABLE_MODULES = YES;
				CLANG_ENABLE_OBJC_ARC = YES;
				CLANG_WARN_BOOL_CONVERSION = YES;
				CLANG_WARN_CONSTANT_CONVERSION = YES;
				CLANG_WARN_DIRECT_OBJC_ISA_USAGE = YES_ERROR;
				CLANG_WARN_DOCUMENTATION_COMMENTS = YES;
				CLANG_WARN_EMPTY_BODY = YES;
				CLANG_WARN_ENUM_CONVERSION = YES;
				CLANG_WARN_INFINITE_RECURSION = YES;
				CLANG_WARN_INT_CONVERSION = YES;
				CLANG_WARN_OBJC_ROOT_CLASS = YES_ERROR;
				CLANG_WARN_SUSPICIOUS_MOVE = YES;
				CLANG_WARN_UNREACHABLE_CODE = YES;
				CLANG_WARN__DUPLICATE_METHOD_MATCH = YES;
				"CODE_SIGN_IDENTITY[sdk=iphoneos*]" = "iPhone Developer";
				COPY_PHASE_STRIP = NO;
				DEBUG_INFORMATION_FORMAT = "dwarf-with-dsym";
				ENABLE_NS_ASSERTIONS = NO;
				ENABLE_STRICT_OBJC_MSGSEND = YES;
				GCC_C_LANGUAGE_STANDARD = gnu99;
				GCC_NO_COMMON_BLOCKS = YES;
				GCC_WARN_64_TO_32_BIT_CONVERSION = YES;
				GCC_WARN_ABOUT_RETURN_TYPE = YES_ERROR;
				GCC_WARN_UNDECLARED_SELECTOR = YES;
				GCC_WARN_UNINITIALIZED_AUTOS = YES_AGGRESSIVE;
				GCC_WARN_UNUSED_FUNCTION = YES;
				GCC_WARN_UNUSED_VARIABLE = YES;
				IPHONEOS_DEPLOYMENT_TARGET = 10.3;
				MTL_ENABLE_DEBUG_INFO = NO;
				SDKROOT = iphoneos;
				SWIFT_OPTIMIZATION_LEVEL = "-Owholemodule";
				VALIDATE_PRODUCT = YES;
			};
			name = Release;
		};
		1D916BBA1EBCD2B200220AC6 /* Debug */ = {
			isa = XCBuildConfiguration;
			baseConfigurationReference = EC5E2457835A3A8DE2EEC842 /* Pods-斗鱼(Swift).debug.xcconfig */;
			buildSettings = {
				ASSETCATALOG_COMPILER_APPICON_NAME = AppIcon;
				ASSETCATALOG_COMPILER_LAUNCHIMAGE_NAME = BrandAssets;
				CLANG_ENABLE_MODULES = YES;
				DEVELOPMENT_TEAM = C4R9UP276A;
				INFOPLIST_FILE = "斗鱼(Swift)/Info.plist";
				LD_RUNPATH_SEARCH_PATHS = "$(inherited) @executable_path/Frameworks";
				PRODUCT_BUNDLE_IDENTIFIER = "com.cn.qjl.---Swift-";
				PRODUCT_NAME = "$(TARGET_NAME)";
				SWIFT_OBJC_BRIDGING_HEADER = "斗鱼(Swift)/斗鱼(Swift)-Bridging-Header.h";
				SWIFT_OPTIMIZATION_LEVEL = "-Onone";
				SWIFT_VERSION = 3.0;
			};
			name = Debug;
		};
		1D916BBB1EBCD2B200220AC6 /* Release */ = {
			isa = XCBuildConfiguration;
			baseConfigurationReference = 9A3A89D01345DE4F7BF27121 /* Pods-斗鱼(Swift).release.xcconfig */;
			buildSettings = {
				ASSETCATALOG_COMPILER_APPICON_NAME = AppIcon;
				ASSETCATALOG_COMPILER_LAUNCHIMAGE_NAME = BrandAssets;
				CLANG_ENABLE_MODULES = YES;
				DEVELOPMENT_TEAM = C4R9UP276A;
				INFOPLIST_FILE = "斗鱼(Swift)/Info.plist";
				LD_RUNPATH_SEARCH_PATHS = "$(inherited) @executable_path/Frameworks";
				PRODUCT_BUNDLE_IDENTIFIER = "com.cn.qjl.---Swift-";
				PRODUCT_NAME = "$(TARGET_NAME)";
				SWIFT_OBJC_BRIDGING_HEADER = "斗鱼(Swift)/斗鱼(Swift)-Bridging-Header.h";
				SWIFT_VERSION = 3.0;
			};
			name = Release;
		};
		1D916BBD1EBCD2B200220AC6 /* Debug */ = {
			isa = XCBuildConfiguration;
			buildSettings = {
				ALWAYS_EMBED_SWIFT_STANDARD_LIBRARIES = YES;
				BUNDLE_LOADER = "$(TEST_HOST)";
				DEVELOPMENT_TEAM = C4R9UP276A;
				INFOPLIST_FILE = "斗鱼(Swift)Tests/Info.plist";
				LD_RUNPATH_SEARCH_PATHS = "$(inherited) @executable_path/Frameworks @loader_path/Frameworks";
				PRODUCT_BUNDLE_IDENTIFIER = "com.cn.qjl.---Swift-Tests";
				PRODUCT_NAME = "$(TARGET_NAME)";
				SWIFT_VERSION = 3.0;
				TEST_HOST = "$(BUILT_PRODUCTS_DIR)/斗鱼(Swift).app/斗鱼(Swift)";
			};
			name = Debug;
		};
		1D916BBE1EBCD2B200220AC6 /* Release */ = {
			isa = XCBuildConfiguration;
			buildSettings = {
				ALWAYS_EMBED_SWIFT_STANDARD_LIBRARIES = YES;
				BUNDLE_LOADER = "$(TEST_HOST)";
				DEVELOPMENT_TEAM = C4R9UP276A;
				INFOPLIST_FILE = "斗鱼(Swift)Tests/Info.plist";
				LD_RUNPATH_SEARCH_PATHS = "$(inherited) @executable_path/Frameworks @loader_path/Frameworks";
				PRODUCT_BUNDLE_IDENTIFIER = "com.cn.qjl.---Swift-Tests";
				PRODUCT_NAME = "$(TARGET_NAME)";
				SWIFT_VERSION = 3.0;
				TEST_HOST = "$(BUILT_PRODUCTS_DIR)/斗鱼(Swift).app/斗鱼(Swift)";
			};
			name = Release;
		};
		1D916BC01EBCD2B200220AC6 /* Debug */ = {
			isa = XCBuildConfiguration;
			buildSettings = {
				ALWAYS_EMBED_SWIFT_STANDARD_LIBRARIES = YES;
				DEVELOPMENT_TEAM = C4R9UP276A;
				INFOPLIST_FILE = "斗鱼(Swift)UITests/Info.plist";
				LD_RUNPATH_SEARCH_PATHS = "$(inherited) @executable_path/Frameworks @loader_path/Frameworks";
				PRODUCT_BUNDLE_IDENTIFIER = "com.cn.qjl.---Swift-UITests";
				PRODUCT_NAME = "$(TARGET_NAME)";
				SWIFT_VERSION = 3.0;
				TEST_TARGET_NAME = "斗鱼(Swift)";
			};
			name = Debug;
		};
		1D916BC11EBCD2B200220AC6 /* Release */ = {
			isa = XCBuildConfiguration;
			buildSettings = {
				ALWAYS_EMBED_SWIFT_STANDARD_LIBRARIES = YES;
				DEVELOPMENT_TEAM = C4R9UP276A;
				INFOPLIST_FILE = "斗鱼(Swift)UITests/Info.plist";
				LD_RUNPATH_SEARCH_PATHS = "$(inherited) @executable_path/Frameworks @loader_path/Frameworks";
				PRODUCT_BUNDLE_IDENTIFIER = "com.cn.qjl.---Swift-UITests";
				PRODUCT_NAME = "$(TARGET_NAME)";
				SWIFT_VERSION = 3.0;
				TEST_TARGET_NAME = "斗鱼(Swift)";
			};
			name = Release;
		};
/* End XCBuildConfiguration section */

/* Begin XCConfigurationList section */
		1D916B8C1EBCD2B200220AC6 /* Build configuration list for PBXProject "斗鱼(Swift)" */ = {
			isa = XCConfigurationList;
			buildConfigurations = (
				1D916BB71EBCD2B200220AC6 /* Debug */,
				1D916BB81EBCD2B200220AC6 /* Release */,
			);
			defaultConfigurationIsVisible = 0;
			defaultConfigurationName = Release;
		};
		1D916BB91EBCD2B200220AC6 /* Build configuration list for PBXNativeTarget "斗鱼(Swift)" */ = {
			isa = XCConfigurationList;
			buildConfigurations = (
				1D916BBA1EBCD2B200220AC6 /* Debug */,
				1D916BBB1EBCD2B200220AC6 /* Release */,
			);
			defaultConfigurationIsVisible = 0;
			defaultConfigurationName = Release;
		};
		1D916BBC1EBCD2B200220AC6 /* Build configuration list for PBXNativeTarget "斗鱼(Swift)Tests" */ = {
			isa = XCConfigurationList;
			buildConfigurations = (
				1D916BBD1EBCD2B200220AC6 /* Debug */,
				1D916BBE1EBCD2B200220AC6 /* Release */,
			);
			defaultConfigurationIsVisible = 0;
			defaultConfigurationName = Release;
		};
		1D916BBF1EBCD2B200220AC6 /* Build configuration list for PBXNativeTarget "斗鱼(Swift)UITests" */ = {
			isa = XCConfigurationList;
			buildConfigurations = (
				1D916BC01EBCD2B200220AC6 /* Debug */,
				1D916BC11EBCD2B200220AC6 /* Release */,
			);
			defaultConfigurationIsVisible = 0;
			defaultConfigurationName = Release;
		};
/* End XCConfigurationList section */
	};
	rootObject = 1D916B891EBCD2B200220AC6 /* Project object */;
}
