// !$*UTF8*$!
{
	archiveVersion = 1;
	classes = {
	};
	objectVersion = 48;
	objects = {

/* Begin PBXBuildFile section */
		2F9BBB8553CD11CF9DABC27E /* Pods_____UITests.framework in Frameworks */ = {isa = PBXBuildFile; fileRef = 088C7A38378F7A6FD4B2EB93 /* Pods_____UITests.framework */; };
		5BE0AE681F6F9688003F4453 /* AppDelegate.swift in Sources */ = {isa = PBXBuildFile; fileRef = 5BE0AE671F6F9688003F4453 /* AppDelegate.swift */; };
		5BE0AE6A1F6F9688003F4453 /* ViewController.swift in Sources */ = {isa = PBXBuildFile; fileRef = 5BE0AE691F6F9688003F4453 /* ViewController.swift */; };
		5BE0AE6D1F6F9688003F4453 /* Main.storyboard in Resources */ = {isa = PBXBuildFile; fileRef = 5BE0AE6B1F6F9688003F4453 /* Main.storyboard */; };
		5BE0AE6F1F6F9688003F4453 /* Assets.xcassets in Resources */ = {isa = PBXBuildFile; fileRef = 5BE0AE6E1F6F9688003F4453 /* Assets.xcassets */; };
		5BE0AE721F6F9688003F4453 /* LaunchScreen.storyboard in Resources */ = {isa = PBXBuildFile; fileRef = 5BE0AE701F6F9688003F4453 /* LaunchScreen.storyboard */; };
		5BE0AE7D1F6F9688003F4453 /* ____Tests.swift in Sources */ = {isa = PBXBuildFile; fileRef = 5BE0AE7C1F6F9688003F4453 /* ____Tests.swift */; };
		5BE0AE881F6F9688003F4453 /* ____UITests.swift in Sources */ = {isa = PBXBuildFile; fileRef = 5BE0AE871F6F9688003F4453 /* ____UITests.swift */; };
		5BE0AF1B1F6F98C6003F4453 /* MainViewController.swift in Sources */ = {isa = PBXBuildFile; fileRef = 5BE0AF1A1F6F98C6003F4453 /* MainViewController.swift */; };
		5BE0AF1D1F6F99B5003F4453 /* HomeViewController.swift in Sources */ = {isa = PBXBuildFile; fileRef = 5BE0AF1C1F6F99B5003F4453 /* HomeViewController.swift */; };
		5BE0AF211F6F9A47003F4453 /* LeftController.swift in Sources */ = {isa = PBXBuildFile; fileRef = 5BE0AF1F1F6F9A47003F4453 /* LeftController.swift */; };
		5BE0AF221F6F9A47003F4453 /* LeftController.xib in Resources */ = {isa = PBXBuildFile; fileRef = 5BE0AF201F6F9A47003F4453 /* LeftController.xib */; };
		5BE0AF261F6F9A75003F4453 /* DrawerMenuExplain.swift in Sources */ = {isa = PBXBuildFile; fileRef = 5BE0AF231F6F9A75003F4453 /* DrawerMenuExplain.swift */; };
		5BE0AF271F6F9A75003F4453 /* CustomMenuController.swift in Sources */ = {isa = PBXBuildFile; fileRef = 5BE0AF241F6F9A75003F4453 /* CustomMenuController.swift */; };
		5BE0AF281F6F9A75003F4453 /* DrawerMenuController.swift in Sources */ = {isa = PBXBuildFile; fileRef = 5BE0AF251F6F9A75003F4453 /* DrawerMenuController.swift */; };
		5BE0AF371F6F9B59003F4453 /* Common.swift in Sources */ = {isa = PBXBuildFile; fileRef = 5BE0AF361F6F9B59003F4453 /* Common.swift */; };
		5BE0AF3A1F6F9BAE003F4453 /* UIColor+Extension.swift in Sources */ = {isa = PBXBuildFile; fileRef = 5BE0AF391F6F9BAE003F4453 /* UIColor+Extension.swift */; };
		5BE0AF3C1F6F9D69003F4453 /* NavigationController.swift in Sources */ = {isa = PBXBuildFile; fileRef = 5BE0AF3B1F6F9D69003F4453 /* NavigationController.swift */; };
		A660DDBE60A5D09EC98D831B /* Pods_____Tests.framework in Frameworks */ = {isa = PBXBuildFile; fileRef = 1205B4E8461432442F73F665 /* Pods_____Tests.framework */; };
		DBB2F142EF67C922D7C7EDE2 /* Pods_____.framework in Frameworks */ = {isa = PBXBuildFile; fileRef = 9DEBBE07F59EA506FCC67305 /* Pods_____.framework */; };
/* End PBXBuildFile section */

/* Begin PBXContainerItemProxy section */
		5BE0AE791F6F9688003F4453 /* PBXContainerItemProxy */ = {
			isa = PBXContainerItemProxy;
			containerPortal = 5BE0AE5C1F6F9688003F4453 /* Project object */;
			proxyType = 1;
			remoteGlobalIDString = 5BE0AE631F6F9688003F4453;
			remoteInfo = "优点巴士";
		};
		5BE0AE841F6F9688003F4453 /* PBXContainerItemProxy */ = {
			isa = PBXContainerItemProxy;
			containerPortal = 5BE0AE5C1F6F9688003F4453 /* Project object */;
			proxyType = 1;
			remoteGlobalIDString = 5BE0AE631F6F9688003F4453;
			remoteInfo = "优点巴士";
		};
/* End PBXContainerItemProxy section */

/* Begin PBXFileReference section */
		08337867A8373E157652A8AC /* Pods-优点巴士Tests.debug.xcconfig */ = {isa = PBXFileReference; includeInIndex = 1; lastKnownFileType = text.xcconfig; name = "Pods-优点巴士Tests.debug.xcconfig"; path = "Pods/Target Support Files/Pods-优点巴士Tests/Pods-优点巴士Tests.debug.xcconfig"; sourceTree = "<group>"; };
		088C7A38378F7A6FD4B2EB93 /* Pods_____UITests.framework */ = {isa = PBXFileReference; explicitFileType = wrapper.framework; includeInIndex = 0; path = "Pods_____UITests.framework"; sourceTree = BUILT_PRODUCTS_DIR; };
		1205B4E8461432442F73F665 /* Pods_____Tests.framework */ = {isa = PBXFileReference; explicitFileType = wrapper.framework; includeInIndex = 0; path = "Pods_____Tests.framework"; sourceTree = BUILT_PRODUCTS_DIR; };
		3CFA480670BE941FDDC4F1B6 /* Pods-优点巴士.debug.xcconfig */ = {isa = PBXFileReference; includeInIndex = 1; lastKnownFileType = text.xcconfig; name = "Pods-优点巴士.debug.xcconfig"; path = "Pods/Target Support Files/Pods-优点巴士/Pods-优点巴士.debug.xcconfig"; sourceTree = "<group>"; };
		449E17E4C421E190337F273F /* Pods-优点巴士.release.xcconfig */ = {isa = PBXFileReference; includeInIndex = 1; lastKnownFileType = text.xcconfig; name = "Pods-优点巴士.release.xcconfig"; path = "Pods/Target Support Files/Pods-优点巴士/Pods-优点巴士.release.xcconfig"; sourceTree = "<group>"; };
		5BE0AE641F6F9688003F4453 /* 优点巴士.app */ = {isa = PBXFileReference; explicitFileType = wrapper.application; includeInIndex = 0; path = "优点巴士.app"; sourceTree = BUILT_PRODUCTS_DIR; };
		5BE0AE671F6F9688003F4453 /* AppDelegate.swift */ = {isa = PBXFileReference; lastKnownFileType = sourcecode.swift; path = AppDelegate.swift; sourceTree = "<group>"; };
		5BE0AE691F6F9688003F4453 /* ViewController.swift */ = {isa = PBXFileReference; lastKnownFileType = sourcecode.swift; path = ViewController.swift; sourceTree = "<group>"; };
		5BE0AE6C1F6F9688003F4453 /* Base */ = {isa = PBXFileReference; lastKnownFileType = file.storyboard; name = Base; path = Base.lproj/Main.storyboard; sourceTree = "<group>"; };
		5BE0AE6E1F6F9688003F4453 /* Assets.xcassets */ = {isa = PBXFileReference; lastKnownFileType = folder.assetcatalog; path = Assets.xcassets; sourceTree = "<group>"; };
		5BE0AE711F6F9688003F4453 /* Base */ = {isa = PBXFileReference; lastKnownFileType = file.storyboard; name = Base; path = Base.lproj/LaunchScreen.storyboard; sourceTree = "<group>"; };
		5BE0AE731F6F9688003F4453 /* Info.plist */ = {isa = PBXFileReference; lastKnownFileType = text.plist.xml; path = Info.plist; sourceTree = "<group>"; };
		5BE0AE781F6F9688003F4453 /* 优点巴士Tests.xctest */ = {isa = PBXFileReference; explicitFileType = wrapper.cfbundle; includeInIndex = 0; path = "优点巴士Tests.xctest"; sourceTree = BUILT_PRODUCTS_DIR; };
		5BE0AE7C1F6F9688003F4453 /* ____Tests.swift */ = {isa = PBXFileReference; lastKnownFileType = sourcecode.swift; path = "____Tests.swift"; sourceTree = "<group>"; };
		5BE0AE7E1F6F9688003F4453 /* Info.plist */ = {isa = PBXFileReference; lastKnownFileType = text.plist.xml; path = Info.plist; sourceTree = "<group>"; };
		5BE0AE831F6F9688003F4453 /* 优点巴士UITests.xctest */ = {isa = PBXFileReference; explicitFileType = wrapper.cfbundle; includeInIndex = 0; path = "优点巴士UITests.xctest"; sourceTree = BUILT_PRODUCTS_DIR; };
		5BE0AE871F6F9688003F4453 /* ____UITests.swift */ = {isa = PBXFileReference; lastKnownFileType = sourcecode.swift; path = "____UITests.swift"; sourceTree = "<group>"; };
		5BE0AE891F6F9688003F4453 /* Info.plist */ = {isa = PBXFileReference; lastKnownFileType = text.plist.xml; path = Info.plist; sourceTree = "<group>"; };
		5BE0AF1A1F6F98C6003F4453 /* MainViewController.swift */ = {isa = PBXFileReference; lastKnownFileType = sourcecode.swift; path = MainViewController.swift; sourceTree = "<group>"; };
		5BE0AF1C1F6F99B5003F4453 /* HomeViewController.swift */ = {isa = PBXFileReference; lastKnownFileType = sourcecode.swift; path = HomeViewController.swift; sourceTree = "<group>"; };
		5BE0AF1F1F6F9A47003F4453 /* LeftController.swift */ = {isa = PBXFileReference; lastKnownFileType = sourcecode.swift; path = LeftController.swift; sourceTree = "<group>"; };
		5BE0AF201F6F9A47003F4453 /* LeftController.xib */ = {isa = PBXFileReference; lastKnownFileType = file.xib; path = LeftController.xib; sourceTree = "<group>"; };
		5BE0AF231F6F9A75003F4453 /* DrawerMenuExplain.swift */ = {isa = PBXFileReference; lastKnownFileType = sourcecode.swift; path = DrawerMenuExplain.swift; sourceTree = "<group>"; };
		5BE0AF241F6F9A75003F4453 /* CustomMenuController.swift */ = {isa = PBXFileReference; lastKnownFileType = sourcecode.swift; path = CustomMenuController.swift; sourceTree = "<group>"; };
		5BE0AF251F6F9A75003F4453 /* DrawerMenuController.swift */ = {isa = PBXFileReference; lastKnownFileType = sourcecode.swift; path = DrawerMenuController.swift; sourceTree = "<group>"; };
		5BE0AF361F6F9B59003F4453 /* Common.swift */ = {isa = PBXFileReference; lastKnownFileType = sourcecode.swift; path = Common.swift; sourceTree = "<group>"; };
		5BE0AF391F6F9BAE003F4453 /* UIColor+Extension.swift */ = {isa = PBXFileReference; lastKnownFileType = sourcecode.swift; path = "UIColor+Extension.swift"; sourceTree = "<group>"; };
		5BE0AF3B1F6F9D69003F4453 /* NavigationController.swift */ = {isa = PBXFileReference; lastKnownFileType = sourcecode.swift; path = NavigationController.swift; sourceTree = "<group>"; };
		5D4C2718BFA3DBC08B002A50 /* Pods-优点巴士Tests.release.xcconfig */ = {isa = PBXFileReference; includeInIndex = 1; lastKnownFileType = text.xcconfig; name = "Pods-优点巴士Tests.release.xcconfig"; path = "Pods/Target Support Files/Pods-优点巴士Tests/Pods-优点巴士Tests.release.xcconfig"; sourceTree = "<group>"; };
		9DEBBE07F59EA506FCC67305 /* Pods_____.framework */ = {isa = PBXFileReference; explicitFileType = wrapper.framework; includeInIndex = 0; path = "Pods_____.framework"; sourceTree = BUILT_PRODUCTS_DIR; };
		C77117EAFA9D9BEA0D9BC429 /* Pods-优点巴士UITests.release.xcconfig */ = {isa = PBXFileReference; includeInIndex = 1; lastKnownFileType = text.xcconfig; name = "Pods-优点巴士UITests.release.xcconfig"; path = "Pods/Target Support Files/Pods-优点巴士UITests/Pods-优点巴士UITests.release.xcconfig"; sourceTree = "<group>"; };
		CB6583FCD8F809C1CB74141A /* Pods-优点巴士UITests.debug.xcconfig */ = {isa = PBXFileReference; includeInIndex = 1; lastKnownFileType = text.xcconfig; name = "Pods-优点巴士UITests.debug.xcconfig"; path = "Pods/Target Support Files/Pods-优点巴士UITests/Pods-优点巴士UITests.debug.xcconfig"; sourceTree = "<group>"; };
/* End PBXFileReference section */

/* Begin PBXFrameworksBuildPhase section */
		5BE0AE611F6F9688003F4453 /* Frameworks */ = {
			isa = PBXFrameworksBuildPhase;
			buildActionMask = 2147483647;
			files = (
				DBB2F142EF67C922D7C7EDE2 /* Pods_____.framework in Frameworks */,
			);
			runOnlyForDeploymentPostprocessing = 0;
		};
		5BE0AE751F6F9688003F4453 /* Frameworks */ = {
			isa = PBXFrameworksBuildPhase;
			buildActionMask = 2147483647;
			files = (
				A660DDBE60A5D09EC98D831B /* Pods_____Tests.framework in Frameworks */,
			);
			runOnlyForDeploymentPostprocessing = 0;
		};
		5BE0AE801F6F9688003F4453 /* Frameworks */ = {
			isa = PBXFrameworksBuildPhase;
			buildActionMask = 2147483647;
			files = (
				2F9BBB8553CD11CF9DABC27E /* Pods_____UITests.framework in Frameworks */,
			);
			runOnlyForDeploymentPostprocessing = 0;
		};
/* End PBXFrameworksBuildPhase section */

/* Begin PBXGroup section */
		4C439433904F59538EAE7DD2 /* Frameworks */ = {
			isa = PBXGroup;
			children = (
				9DEBBE07F59EA506FCC67305 /* Pods_____.framework */,
				1205B4E8461432442F73F665 /* Pods_____Tests.framework */,
				088C7A38378F7A6FD4B2EB93 /* Pods_____UITests.framework */,
			);
			name = Frameworks;
			sourceTree = "<group>";
		};
		5BE0AE5B1F6F9688003F4453 = {
			isa = PBXGroup;
			children = (
				5BE0AE661F6F9688003F4453 /* 优点巴士 */,
				5BE0AE7B1F6F9688003F4453 /* 优点巴士Tests */,
				5BE0AE861F6F9688003F4453 /* 优点巴士UITests */,
				5BE0AE651F6F9688003F4453 /* Products */,
				74BB560C5A51D186E3977B77 /* Pods */,
				4C439433904F59538EAE7DD2 /* Frameworks */,
			);
			sourceTree = "<group>";
		};
		5BE0AE651F6F9688003F4453 /* Products */ = {
			isa = PBXGroup;
			children = (
				5BE0AE641F6F9688003F4453 /* 优点巴士.app */,
				5BE0AE781F6F9688003F4453 /* 优点巴士Tests.xctest */,
				5BE0AE831F6F9688003F4453 /* 优点巴士UITests.xctest */,
			);
			name = Products;
			sourceTree = "<group>";
		};
		5BE0AE661F6F9688003F4453 /* 优点巴士 */ = {
			isa = PBXGroup;
			children = (
				5BE0AF171F6F98AB003F4453 /* Classes */,
				5BE0AE671F6F9688003F4453 /* AppDelegate.swift */,
				5BE0AE691F6F9688003F4453 /* ViewController.swift */,
				5BE0AE6B1F6F9688003F4453 /* Main.storyboard */,
				5BE0AE6E1F6F9688003F4453 /* Assets.xcassets */,
				5BE0AE701F6F9688003F4453 /* LaunchScreen.storyboard */,
				5BE0AE731F6F9688003F4453 /* Info.plist */,
			);
			path = "优点巴士";
			sourceTree = "<group>";
		};
		5BE0AE7B1F6F9688003F4453 /* 优点巴士Tests */ = {
			isa = PBXGroup;
			children = (
				5BE0AE7C1F6F9688003F4453 /* ____Tests.swift */,
				5BE0AE7E1F6F9688003F4453 /* Info.plist */,
			);
			path = "优点巴士Tests";
			sourceTree = "<group>";
		};
		5BE0AE861F6F9688003F4453 /* 优点巴士UITests */ = {
			isa = PBXGroup;
			children = (
				5BE0AE871F6F9688003F4453 /* ____UITests.swift */,
				5BE0AE891F6F9688003F4453 /* Info.plist */,
			);
			path = "优点巴士UITests";
			sourceTree = "<group>";
		};
		5BE0AF171F6F98AB003F4453 /* Classes */ = {
			isa = PBXGroup;
			children = (
				5BE0AF341F6F9B4E003F4453 /* Other */,
				5BE0AF181F6F98AB003F4453 /* Main */,
			);
			path = Classes;
			sourceTree = "<group>";
		};
		5BE0AF181F6F98AB003F4453 /* Main */ = {
			isa = PBXGroup;
			children = (
				5BE0AF1E1F6F9A28003F4453 /* LeftController */,
				5BE0AF191F6F98AB003F4453 /* Controller */,
			);
			path = Main;
			sourceTree = "<group>";
		};
		5BE0AF191F6F98AB003F4453 /* Controller */ = {
			isa = PBXGroup;
			children = (
				5BE0AF1A1F6F98C6003F4453 /* MainViewController.swift */,
				5BE0AF1C1F6F99B5003F4453 /* HomeViewController.swift */,
				5BE0AF3B1F6F9D69003F4453 /* NavigationController.swift */,
			);
			path = Controller;
			sourceTree = "<group>";
		};
		5BE0AF1E1F6F9A28003F4453 /* LeftController */ = {
			isa = PBXGroup;
			children = (
				5BE0AF241F6F9A75003F4453 /* CustomMenuController.swift */,
				5BE0AF251F6F9A75003F4453 /* DrawerMenuController.swift */,
				5BE0AF231F6F9A75003F4453 /* DrawerMenuExplain.swift */,
				5BE0AF1F1F6F9A47003F4453 /* LeftController.swift */,
				5BE0AF201F6F9A47003F4453 /* LeftController.xib */,
			);
			path = LeftController;
			sourceTree = "<group>";
		};
		5BE0AF341F6F9B4E003F4453 /* Other */ = {
			isa = PBXGroup;
			children = (
				5BE0AF381F6F9BA3003F4453 /* Extension */,
				5BE0AF351F6F9B4E003F4453 /* Tools */,
			);
			path = Other;
			sourceTree = "<group>";
		};
		5BE0AF351F6F9B4E003F4453 /* Tools */ = {
			isa = PBXGroup;
			children = (
				5BE0AF361F6F9B59003F4453 /* Common.swift */,
			);
			path = Tools;
			sourceTree = "<group>";
		};
		5BE0AF381F6F9BA3003F4453 /* Extension */ = {
			isa = PBXGroup;
			children = (
				5BE0AF391F6F9BAE003F4453 /* UIColor+Extension.swift */,
			);
			path = Extension;
			sourceTree = "<group>";
		};
		74BB560C5A51D186E3977B77 /* Pods */ = {
			isa = PBXGroup;
			children = (
				3CFA480670BE941FDDC4F1B6 /* Pods-优点巴士.debug.xcconfig */,
				449E17E4C421E190337F273F /* Pods-优点巴士.release.xcconfig */,
				08337867A8373E157652A8AC /* Pods-优点巴士Tests.debug.xcconfig */,
				5D4C2718BFA3DBC08B002A50 /* Pods-优点巴士Tests.release.xcconfig */,
				CB6583FCD8F809C1CB74141A /* Pods-优点巴士UITests.debug.xcconfig */,
				C77117EAFA9D9BEA0D9BC429 /* Pods-优点巴士UITests.release.xcconfig */,
			);
			name = Pods;
			sourceTree = "<group>";
		};
/* End PBXGroup section */

/* Begin PBXNativeTarget section */
		5BE0AE631F6F9688003F4453 /* 优点巴士 */ = {
			isa = PBXNativeTarget;
			buildConfigurationList = 5BE0AE8C1F6F9688003F4453 /* Build configuration list for PBXNativeTarget "优点巴士" */;
			buildPhases = (
				1970E743DACB3F33D8CF2A03 /* [CP] Check Pods Manifest.lock */,
				5BE0AE601F6F9688003F4453 /* Sources */,
				5BE0AE611F6F9688003F4453 /* Frameworks */,
				5BE0AE621F6F9688003F4453 /* Resources */,
				5BDBEABF907F294800D0810C /* [CP] Embed Pods Frameworks */,
				49EBD564B240319F3E0A18A2 /* [CP] Copy Pods Resources */,
			);
			buildRules = (
			);
			dependencies = (
			);
			name = "优点巴士";
			productName = "优点巴士";
			productReference = 5BE0AE641F6F9688003F4453 /* 优点巴士.app */;
			productType = "com.apple.product-type.application";
		};
		5BE0AE771F6F9688003F4453 /* 优点巴士Tests */ = {
			isa = PBXNativeTarget;
			buildConfigurationList = 5BE0AE8F1F6F9688003F4453 /* Build configuration list for PBXNativeTarget "优点巴士Tests" */;
			buildPhases = (
				972F6663A141E7B31532D715 /* [CP] Check Pods Manifest.lock */,
				5BE0AE741F6F9688003F4453 /* Sources */,
				5BE0AE751F6F9688003F4453 /* Frameworks */,
				5BE0AE761F6F9688003F4453 /* Resources */,
				0D418D3A23AE57AF240B3822 /* [CP] Embed Pods Frameworks */,
				ED3DBF8847E44769177D2361 /* [CP] Copy Pods Resources */,
			);
			buildRules = (
			);
			dependencies = (
				5BE0AE7A1F6F9688003F4453 /* PBXTargetDependency */,
			);
			name = "优点巴士Tests";
			productName = "优点巴士Tests";
			productReference = 5BE0AE781F6F9688003F4453 /* 优点巴士Tests.xctest */;
			productType = "com.apple.product-type.bundle.unit-test";
		};
		5BE0AE821F6F9688003F4453 /* 优点巴士UITests */ = {
			isa = PBXNativeTarget;
			buildConfigurationList = 5BE0AE921F6F9688003F4453 /* Build configuration list for PBXNativeTarget "优点巴士UITests" */;
			buildPhases = (
				4342E6E2549B0C0CEB7042F6 /* [CP] Check Pods Manifest.lock */,
				5BE0AE7F1F6F9688003F4453 /* Sources */,
				5BE0AE801F6F9688003F4453 /* Frameworks */,
				5BE0AE811F6F9688003F4453 /* Resources */,
				361F930390482E5628F497DD /* [CP] Embed Pods Frameworks */,
				CC84F6DB110F26C058FBFDEC /* [CP] Copy Pods Resources */,
			);
			buildRules = (
			);
			dependencies = (
				5BE0AE851F6F9688003F4453 /* PBXTargetDependency */,
			);
			name = "优点巴士UITests";
			productName = "优点巴士UITests";
			productReference = 5BE0AE831F6F9688003F4453 /* 优点巴士UITests.xctest */;
			productType = "com.apple.product-type.bundle.ui-testing";
		};
/* End PBXNativeTarget section */

/* Begin PBXProject section */
		5BE0AE5C1F6F9688003F4453 /* Project object */ = {
			isa = PBXProject;
			attributes = {
				LastSwiftUpdateCheck = 0900;
				LastUpgradeCheck = 0900;
				ORGANIZATIONNAME = "醉看红尘这场梦";
				TargetAttributes = {
					5BE0AE631F6F9688003F4453 = {
						CreatedOnToolsVersion = 9.0;
						ProvisioningStyle = Automatic;
					};
					5BE0AE771F6F9688003F4453 = {
						CreatedOnToolsVersion = 9.0;
						ProvisioningStyle = Automatic;
						TestTargetID = 5BE0AE631F6F9688003F4453;
					};
					5BE0AE821F6F9688003F4453 = {
						CreatedOnToolsVersion = 9.0;
						ProvisioningStyle = Automatic;
						TestTargetID = 5BE0AE631F6F9688003F4453;
					};
				};
			};
			buildConfigurationList = 5BE0AE5F1F6F9688003F4453 /* Build configuration list for PBXProject "优点巴士" */;
			compatibilityVersion = "Xcode 8.0";
			developmentRegion = en;
			hasScannedForEncodings = 0;
			knownRegions = (
				en,
				Base,
			);
			mainGroup = 5BE0AE5B1F6F9688003F4453;
			productRefGroup = 5BE0AE651F6F9688003F4453 /* Products */;
			projectDirPath = "";
			projectRoot = "";
			targets = (
				5BE0AE631F6F9688003F4453 /* 优点巴士 */,
				5BE0AE771F6F9688003F4453 /* 优点巴士Tests */,
				5BE0AE821F6F9688003F4453 /* 优点巴士UITests */,
			);
		};
/* End PBXProject section */

/* Begin PBXResourcesBuildPhase section */
		5BE0AE621F6F9688003F4453 /* Resources */ = {
			isa = PBXResourcesBuildPhase;
			buildActionMask = 2147483647;
			files = (
				5BE0AE721F6F9688003F4453 /* LaunchScreen.storyboard in Resources */,
				5BE0AE6F1F6F9688003F4453 /* Assets.xcassets in Resources */,
				5BE0AF221F6F9A47003F4453 /* LeftController.xib in Resources */,
				5BE0AE6D1F6F9688003F4453 /* Main.storyboard in Resources */,
			);
			runOnlyForDeploymentPostprocessing = 0;
		};
		5BE0AE761F6F9688003F4453 /* Resources */ = {
			isa = PBXResourcesBuildPhase;
			buildActionMask = 2147483647;
			files = (
			);
			runOnlyForDeploymentPostprocessing = 0;
		};
		5BE0AE811F6F9688003F4453 /* Resources */ = {
			isa = PBXResourcesBuildPhase;
			buildActionMask = 2147483647;
			files = (
			);
			runOnlyForDeploymentPostprocessing = 0;
		};
/* End PBXResourcesBuildPhase section */

/* Begin PBXShellScriptBuildPhase section */
		0D418D3A23AE57AF240B3822 /* [CP] Embed Pods Frameworks */ = {
			isa = PBXShellScriptBuildPhase;
			buildActionMask = 2147483647;
			files = (
			);
			inputPaths = (
			);
			name = "[CP] Embed Pods Frameworks";
			outputPaths = (
			);
			runOnlyForDeploymentPostprocessing = 0;
			shellPath = /bin/sh;
			shellScript = "\"${SRCROOT}/Pods/Target Support Files/Pods-优点巴士Tests/Pods-优点巴士Tests-frameworks.sh\"\n";
			showEnvVarsInLog = 0;
		};
		1970E743DACB3F33D8CF2A03 /* [CP] Check Pods Manifest.lock */ = {
			isa = PBXShellScriptBuildPhase;
			buildActionMask = 2147483647;
			files = (
			);
			inputPaths = (
			);
			name = "[CP] Check Pods Manifest.lock";
			outputPaths = (
			);
			runOnlyForDeploymentPostprocessing = 0;
			shellPath = /bin/sh;
			shellScript = "diff \"${PODS_PODFILE_DIR_PATH}/Podfile.lock\" \"${PODS_ROOT}/Manifest.lock\" > /dev/null\nif [ $? != 0 ] ; then\n    # print error to STDERR\n    echo \"error: The sandbox is not in sync with the Podfile.lock. Run 'pod install' or update your CocoaPods installation.\" >&2\n    exit 1\nfi\n";
			showEnvVarsInLog = 0;
		};
		361F930390482E5628F497DD /* [CP] Embed Pods Frameworks */ = {
			isa = PBXShellScriptBuildPhase;
			buildActionMask = 2147483647;
			files = (
			);
			inputPaths = (
			);
			name = "[CP] Embed Pods Frameworks";
			outputPaths = (
			);
			runOnlyForDeploymentPostprocessing = 0;
			shellPath = /bin/sh;
			shellScript = "\"${SRCROOT}/Pods/Target Support Files/Pods-优点巴士UITests/Pods-优点巴士UITests-frameworks.sh\"\n";
			showEnvVarsInLog = 0;
		};
		4342E6E2549B0C0CEB7042F6 /* [CP] Check Pods Manifest.lock */ = {
			isa = PBXShellScriptBuildPhase;
			buildActionMask = 2147483647;
			files = (
			);
			inputPaths = (
			);
			name = "[CP] Check Pods Manifest.lock";
			outputPaths = (
			);
			runOnlyForDeploymentPostprocessing = 0;
			shellPath = /bin/sh;
			shellScript = "diff \"${PODS_PODFILE_DIR_PATH}/Podfile.lock\" \"${PODS_ROOT}/Manifest.lock\" > /dev/null\nif [ $? != 0 ] ; then\n    # print error to STDERR\n    echo \"error: The sandbox is not in sync with the Podfile.lock. Run 'pod install' or update your CocoaPods installation.\" >&2\n    exit 1\nfi\n";
			showEnvVarsInLog = 0;
		};
		49EBD564B240319F3E0A18A2 /* [CP] Copy Pods Resources */ = {
			isa = PBXShellScriptBuildPhase;
			buildActionMask = 2147483647;
			files = (
			);
			inputPaths = (
			);
			name = "[CP] Copy Pods Resources";
			outputPaths = (
			);
			runOnlyForDeploymentPostprocessing = 0;
			shellPath = /bin/sh;
			shellScript = "\"${SRCROOT}/Pods/Target Support Files/Pods-优点巴士/Pods-优点巴士-resources.sh\"\n";
			showEnvVarsInLog = 0;
		};
		5BDBEABF907F294800D0810C /* [CP] Embed Pods Frameworks */ = {
			isa = PBXShellScriptBuildPhase;
			buildActionMask = 2147483647;
			files = (
			);
			inputPaths = (
			);
			name = "[CP] Embed Pods Frameworks";
			outputPaths = (
			);
			runOnlyForDeploymentPostprocessing = 0;
			shellPath = /bin/sh;
			shellScript = "\"${SRCROOT}/Pods/Target Support Files/Pods-优点巴士/Pods-优点巴士-frameworks.sh\"\n";
			showEnvVarsInLog = 0;
		};
		972F6663A141E7B31532D715 /* [CP] Check Pods Manifest.lock */ = {
			isa = PBXShellScriptBuildPhase;
			buildActionMask = 2147483647;
			files = (
			);
			inputPaths = (
			);
			name = "[CP] Check Pods Manifest.lock";
			outputPaths = (
			);
			runOnlyForDeploymentPostprocessing = 0;
			shellPath = /bin/sh;
			shellScript = "diff \"${PODS_PODFILE_DIR_PATH}/Podfile.lock\" \"${PODS_ROOT}/Manifest.lock\" > /dev/null\nif [ $? != 0 ] ; then\n    # print error to STDERR\n    echo \"error: The sandbox is not in sync with the Podfile.lock. Run 'pod install' or update your CocoaPods installation.\" >&2\n    exit 1\nfi\n";
			showEnvVarsInLog = 0;
		};
		CC84F6DB110F26C058FBFDEC /* [CP] Copy Pods Resources */ = {
			isa = PBXShellScriptBuildPhase;
			buildActionMask = 2147483647;
			files = (
			);
			inputPaths = (
			);
			name = "[CP] Copy Pods Resources";
			outputPaths = (
			);
			runOnlyForDeploymentPostprocessing = 0;
			shellPath = /bin/sh;
			shellScript = "\"${SRCROOT}/Pods/Target Support Files/Pods-优点巴士UITests/Pods-优点巴士UITests-resources.sh\"\n";
			showEnvVarsInLog = 0;
		};
		ED3DBF8847E44769177D2361 /* [CP] Copy Pods Resources */ = {
			isa = PBXShellScriptBuildPhase;
			buildActionMask = 2147483647;
			files = (
			);
			inputPaths = (
			);
			name = "[CP] Copy Pods Resources";
			outputPaths = (
			);
			runOnlyForDeploymentPostprocessing = 0;
			shellPath = /bin/sh;
			shellScript = "\"${SRCROOT}/Pods/Target Support Files/Pods-优点巴士Tests/Pods-优点巴士Tests-resources.sh\"\n";
			showEnvVarsInLog = 0;
		};
/* End PBXShellScriptBuildPhase section */

/* Begin PBXSourcesBuildPhase section */
		5BE0AE601F6F9688003F4453 /* Sources */ = {
			isa = PBXSourcesBuildPhase;
			buildActionMask = 2147483647;
			files = (
				5BE0AF3C1F6F9D69003F4453 /* NavigationController.swift in Sources */,
				5BE0AF1B1F6F98C6003F4453 /* MainViewController.swift in Sources */,
				5BE0AE6A1F6F9688003F4453 /* ViewController.swift in Sources */,
				5BE0AF211F6F9A47003F4453 /* LeftController.swift in Sources */,
				5BE0AF281F6F9A75003F4453 /* DrawerMenuController.swift in Sources */,
				5BE0AF371F6F9B59003F4453 /* Common.swift in Sources */,
				5BE0AE681F6F9688003F4453 /* AppDelegate.swift in Sources */,
				5BE0AF1D1F6F99B5003F4453 /* HomeViewController.swift in Sources */,
				5BE0AF261F6F9A75003F4453 /* DrawerMenuExplain.swift in Sources */,
				5BE0AF271F6F9A75003F4453 /* CustomMenuController.swift in Sources */,
				5BE0AF3A1F6F9BAE003F4453 /* UIColor+Extension.swift in Sources */,
			);
			runOnlyForDeploymentPostprocessing = 0;
		};
		5BE0AE741F6F9688003F4453 /* Sources */ = {
			isa = PBXSourcesBuildPhase;
			buildActionMask = 2147483647;
			files = (
				5BE0AE7D1F6F9688003F4453 /* ____Tests.swift in Sources */,
			);
			runOnlyForDeploymentPostprocessing = 0;
		};
		5BE0AE7F1F6F9688003F4453 /* Sources */ = {
			isa = PBXSourcesBuildPhase;
			buildActionMask = 2147483647;
			files = (
				5BE0AE881F6F9688003F4453 /* ____UITests.swift in Sources */,
			);
			runOnlyForDeploymentPostprocessing = 0;
		};
/* End PBXSourcesBuildPhase section */

/* Begin PBXTargetDependency section */
		5BE0AE7A1F6F9688003F4453 /* PBXTargetDependency */ = {
			isa = PBXTargetDependency;
			target = 5BE0AE631F6F9688003F4453 /* 优点巴士 */;
			targetProxy = 5BE0AE791F6F9688003F4453 /* PBXContainerItemProxy */;
		};
		5BE0AE851F6F9688003F4453 /* PBXTargetDependency */ = {
			isa = PBXTargetDependency;
			target = 5BE0AE631F6F9688003F4453 /* 优点巴士 */;
			targetProxy = 5BE0AE841F6F9688003F4453 /* PBXContainerItemProxy */;
		};
/* End PBXTargetDependency section */

/* Begin PBXVariantGroup section */
		5BE0AE6B1F6F9688003F4453 /* Main.storyboard */ = {
			isa = PBXVariantGroup;
			children = (
				5BE0AE6C1F6F9688003F4453 /* Base */,
			);
			name = Main.storyboard;
			sourceTree = "<group>";
		};
		5BE0AE701F6F9688003F4453 /* LaunchScreen.storyboard */ = {
			isa = PBXVariantGroup;
			children = (
				5BE0AE711F6F9688003F4453 /* Base */,
			);
			name = LaunchScreen.storyboard;
			sourceTree = "<group>";
		};
/* End PBXVariantGroup section */

/* Begin XCBuildConfiguration section */
		5BE0AE8A1F6F9688003F4453 /* Debug */ = {
			isa = XCBuildConfiguration;
			buildSettings = {
				ALWAYS_SEARCH_USER_PATHS = NO;
				CLANG_ANALYZER_NONNULL = YES;
				CLANG_ANALYZER_NUMBER_OBJECT_CONVERSION = YES_AGGRESSIVE;
				CLANG_CXX_LANGUAGE_STANDARD = "gnu++14";
				CLANG_CXX_LIBRARY = "libc++";
				CLANG_ENABLE_MODULES = YES;
				CLANG_ENABLE_OBJC_ARC = YES;
				CLANG_WARN_BLOCK_CAPTURE_AUTORELEASING = YES;
				CLANG_WARN_BOOL_CONVERSION = YES;
				CLANG_WARN_COMMA = YES;
				CLANG_WARN_CONSTANT_CONVERSION = YES;
				CLANG_WARN_DIRECT_OBJC_ISA_USAGE = YES_ERROR;
				CLANG_WARN_DOCUMENTATION_COMMENTS = YES;
				CLANG_WARN_EMPTY_BODY = YES;
				CLANG_WARN_ENUM_CONVERSION = YES;
				CLANG_WARN_INFINITE_RECURSION = YES;
				CLANG_WARN_INT_CONVERSION = YES;
				CLANG_WARN_NON_LITERAL_NULL_CONVERSION = YES;
				CLANG_WARN_OBJC_LITERAL_CONVERSION = YES;
				CLANG_WARN_OBJC_ROOT_CLASS = YES_ERROR;
				CLANG_WARN_RANGE_LOOP_ANALYSIS = YES;
				CLANG_WARN_STRICT_PROTOTYPES = YES;
				CLANG_WARN_SUSPICIOUS_MOVE = YES;
				CLANG_WARN_UNGUARDED_AVAILABILITY = YES_AGGRESSIVE;
				CLANG_WARN_UNREACHABLE_CODE = YES;
				CLANG_WARN__DUPLICATE_METHOD_MATCH = YES;
				CODE_SIGN_IDENTITY = "iPhone Developer";
				COPY_PHASE_STRIP = NO;
				DEBUG_INFORMATION_FORMAT = dwarf;
				ENABLE_STRICT_OBJC_MSGSEND = YES;
				ENABLE_TESTABILITY = YES;
				GCC_C_LANGUAGE_STANDARD = gnu11;
				GCC_DYNAMIC_NO_PIC = NO;
				GCC_NO_COMMON_BLOCKS = YES;
				GCC_OPTIMIZATION_LEVEL = 0;
				GCC_PREPROCESSOR_DEFINITIONS = (
					"DEBUG=1",
					"$(inherited)",
				);
				GCC_WARN_64_TO_32_BIT_CONVERSION = YES;
				GCC_WARN_ABOUT_RETURN_TYPE = YES_ERROR;
				GCC_WARN_UNDECLARED_SELECTOR = YES;
				GCC_WARN_UNINITIALIZED_AUTOS = YES_AGGRESSIVE;
				GCC_WARN_UNUSED_FUNCTION = YES;
				GCC_WARN_UNUSED_VARIABLE = YES;
				IPHONEOS_DEPLOYMENT_TARGET = 11.0;
				MTL_ENABLE_DEBUG_INFO = YES;
				ONLY_ACTIVE_ARCH = YES;
				SDKROOT = iphoneos;
				SWIFT_ACTIVE_COMPILATION_CONDITIONS = DEBUG;
				SWIFT_OPTIMIZATION_LEVEL = "-Onone";
			};
			name = Debug;
		};
		5BE0AE8B1F6F9688003F4453 /* Release */ = {
			isa = XCBuildConfiguration;
			buildSettings = {
				ALWAYS_SEARCH_USER_PATHS = NO;
				CLANG_ANALYZER_NONNULL = YES;
				CLANG_ANALYZER_NUMBER_OBJECT_CONVERSION = YES_AGGRESSIVE;
				CLANG_CXX_LANGUAGE_STANDARD = "gnu++14";
				CLANG_CXX_LIBRARY = "libc++";
				CLANG_ENABLE_MODULES = YES;
				CLANG_ENABLE_OBJC_ARC = YES;
				CLANG_WARN_BLOCK_CAPTURE_AUTORELEASING = YES;
				CLANG_WARN_BOOL_CONVERSION = YES;
				CLANG_WARN_COMMA = YES;
				CLANG_WARN_CONSTANT_CONVERSION = YES;
				CLANG_WARN_DIRECT_OBJC_ISA_USAGE = YES_ERROR;
				CLANG_WARN_DOCUMENTATION_COMMENTS = YES;
				CLANG_WARN_EMPTY_BODY = YES;
				CLANG_WARN_ENUM_CONVERSION = YES;
				CLANG_WARN_INFINITE_RECURSION = YES;
				CLANG_WARN_INT_CONVERSION = YES;
				CLANG_WARN_NON_LITERAL_NULL_CONVERSION = YES;
				CLANG_WARN_OBJC_LITERAL_CONVERSION = YES;
				CLANG_WARN_OBJC_ROOT_CLASS = YES_ERROR;
				CLANG_WARN_RANGE_LOOP_ANALYSIS = YES;
				CLANG_WARN_STRICT_PROTOTYPES = YES;
				CLANG_WARN_SUSPICIOUS_MOVE = YES;
				CLANG_WARN_UNGUARDED_AVAILABILITY = YES_AGGRESSIVE;
				CLANG_WARN_UNREACHABLE_CODE = YES;
				CLANG_WARN__DUPLICATE_METHOD_MATCH = YES;
				CODE_SIGN_IDENTITY = "iPhone Developer";
				COPY_PHASE_STRIP = NO;
				DEBUG_INFORMATION_FORMAT = "dwarf-with-dsym";
				ENABLE_NS_ASSERTIONS = NO;
				ENABLE_STRICT_OBJC_MSGSEND = YES;
				GCC_C_LANGUAGE_STANDARD = gnu11;
				GCC_NO_COMMON_BLOCKS = YES;
				GCC_WARN_64_TO_32_BIT_CONVERSION = YES;
				GCC_WARN_ABOUT_RETURN_TYPE = YES_ERROR;
				GCC_WARN_UNDECLARED_SELECTOR = YES;
				GCC_WARN_UNINITIALIZED_AUTOS = YES_AGGRESSIVE;
				GCC_WARN_UNUSED_FUNCTION = YES;
				GCC_WARN_UNUSED_VARIABLE = YES;
				IPHONEOS_DEPLOYMENT_TARGET = 11.0;
				MTL_ENABLE_DEBUG_INFO = NO;
				SDKROOT = iphoneos;
				SWIFT_OPTIMIZATION_LEVEL = "-Owholemodule";
				VALIDATE_PRODUCT = YES;
			};
			name = Release;
		};
		5BE0AE8D1F6F9688003F4453 /* Debug */ = {
			isa = XCBuildConfiguration;
			baseConfigurationReference = 3CFA480670BE941FDDC4F1B6 /* Pods-优点巴士.debug.xcconfig */;
			buildSettings = {
				ASSETCATALOG_COMPILER_APPICON_NAME = AppIcon;
				CODE_SIGN_STYLE = Automatic;
				INFOPLIST_FILE = "优点巴士/Info.plist";
				LD_RUNPATH_SEARCH_PATHS = "$(inherited) @executable_path/Frameworks";
				PRODUCT_BUNDLE_IDENTIFIER = "com.cn.qjl.----";
				PRODUCT_NAME = "$(TARGET_NAME)";
				SWIFT_VERSION = 4.0;
				TARGETED_DEVICE_FAMILY = 1;
			};
			name = Debug;
		};
		5BE0AE8E1F6F9688003F4453 /* Release */ = {
			isa = XCBuildConfiguration;
			baseConfigurationReference = 449E17E4C421E190337F273F /* Pods-优点巴士.release.xcconfig */;
			buildSettings = {
				ASSETCATALOG_COMPILER_APPICON_NAME = AppIcon;
				CODE_SIGN_STYLE = Automatic;
				INFOPLIST_FILE = "优点巴士/Info.plist";
				LD_RUNPATH_SEARCH_PATHS = "$(inherited) @executable_path/Frameworks";
				PRODUCT_BUNDLE_IDENTIFIER = "com.cn.qjl.----";
				PRODUCT_NAME = "$(TARGET_NAME)";
				SWIFT_VERSION = 4.0;
				TARGETED_DEVICE_FAMILY = 1;
			};
			name = Release;
		};
		5BE0AE901F6F9688003F4453 /* Debug */ = {
			isa = XCBuildConfiguration;
			baseConfigurationReference = 08337867A8373E157652A8AC /* Pods-优点巴士Tests.debug.xcconfig */;
			buildSettings = {
				ALWAYS_EMBED_SWIFT_STANDARD_LIBRARIES = YES;
				BUNDLE_LOADER = "$(TEST_HOST)";
				CODE_SIGN_STYLE = Automatic;
				INFOPLIST_FILE = "优点巴士Tests/Info.plist";
				LD_RUNPATH_SEARCH_PATHS = "$(inherited) @executable_path/Frameworks @loader_path/Frameworks";
				PRODUCT_BUNDLE_IDENTIFIER = "com.cn.qjl.----Tests";
				PRODUCT_NAME = "$(TARGET_NAME)";
				SWIFT_VERSION = 4.0;
				TARGETED_DEVICE_FAMILY = "1,2";
				TEST_HOST = "$(BUILT_PRODUCTS_DIR)/优点巴士.app/优点巴士";
			};
			name = Debug;
		};
		5BE0AE911F6F9688003F4453 /* Release */ = {
			isa = XCBuildConfiguration;
			baseConfigurationReference = 5D4C2718BFA3DBC08B002A50 /* Pods-优点巴士Tests.release.xcconfig */;
			buildSettings = {
				ALWAYS_EMBED_SWIFT_STANDARD_LIBRARIES = YES;
				BUNDLE_LOADER = "$(TEST_HOST)";
				CODE_SIGN_STYLE = Automatic;
				INFOPLIST_FILE = "优点巴士Tests/Info.plist";
				LD_RUNPATH_SEARCH_PATHS = "$(inherited) @executable_path/Frameworks @loader_path/Frameworks";
				PRODUCT_BUNDLE_IDENTIFIER = "com.cn.qjl.----Tests";
				PRODUCT_NAME = "$(TARGET_NAME)";
				SWIFT_VERSION = 4.0;
				TARGETED_DEVICE_FAMILY = "1,2";
				TEST_HOST = "$(BUILT_PRODUCTS_DIR)/优点巴士.app/优点巴士";
			};
			name = Release;
		};
		5BE0AE931F6F9688003F4453 /* Debug */ = {
			isa = XCBuildConfiguration;
			baseConfigurationReference = CB6583FCD8F809C1CB74141A /* Pods-优点巴士UITests.debug.xcconfig */;
			buildSettings = {
				ALWAYS_EMBED_SWIFT_STANDARD_LIBRARIES = YES;
				CODE_SIGN_STYLE = Automatic;
				INFOPLIST_FILE = "优点巴士UITests/Info.plist";
				LD_RUNPATH_SEARCH_PATHS = "$(inherited) @executable_path/Frameworks @loader_path/Frameworks";
				PRODUCT_BUNDLE_IDENTIFIER = "com.cn.qjl.----UITests";
				PRODUCT_NAME = "$(TARGET_NAME)";
				SWIFT_VERSION = 4.0;
				TARGETED_DEVICE_FAMILY = "1,2";
				TEST_TARGET_NAME = "优点巴士";
			};
			name = Debug;
		};
		5BE0AE941F6F9688003F4453 /* Release */ = {
			isa = XCBuildConfiguration;
			baseConfigurationReference = C77117EAFA9D9BEA0D9BC429 /* Pods-优点巴士UITests.release.xcconfig */;
			buildSettings = {
				ALWAYS_EMBED_SWIFT_STANDARD_LIBRARIES = YES;
				CODE_SIGN_STYLE = Automatic;
				INFOPLIST_FILE = "优点巴士UITests/Info.plist";
				LD_RUNPATH_SEARCH_PATHS = "$(inherited) @executable_path/Frameworks @loader_path/Frameworks";
				PRODUCT_BUNDLE_IDENTIFIER = "com.cn.qjl.----UITests";
				PRODUCT_NAME = "$(TARGET_NAME)";
				SWIFT_VERSION = 4.0;
				TARGETED_DEVICE_FAMILY = "1,2";
				TEST_TARGET_NAME = "优点巴士";
			};
			name = Release;
		};
/* End XCBuildConfiguration section */

/* Begin XCConfigurationList section */
		5BE0AE5F1F6F9688003F4453 /* Build configuration list for PBXProject "优点巴士" */ = {
			isa = XCConfigurationList;
			buildConfigurations = (
				5BE0AE8A1F6F9688003F4453 /* Debug */,
				5BE0AE8B1F6F9688003F4453 /* Release */,
			);
			defaultConfigurationIsVisible = 0;
			defaultConfigurationName = Release;
		};
		5BE0AE8C1F6F9688003F4453 /* Build configuration list for PBXNativeTarget "优点巴士" */ = {
			isa = XCConfigurationList;
			buildConfigurations = (
				5BE0AE8D1F6F9688003F4453 /* Debug */,
				5BE0AE8E1F6F9688003F4453 /* Release */,
			);
			defaultConfigurationIsVisible = 0;
			defaultConfigurationName = Release;
		};
		5BE0AE8F1F6F9688003F4453 /* Build configuration list for PBXNativeTarget "优点巴士Tests" */ = {
			isa = XCConfigurationList;
			buildConfigurations = (
				5BE0AE901F6F9688003F4453 /* Debug */,
				5BE0AE911F6F9688003F4453 /* Release */,
			);
			defaultConfigurationIsVisible = 0;
			defaultConfigurationName = Release;
		};
		5BE0AE921F6F9688003F4453 /* Build configuration list for PBXNativeTarget "优点巴士UITests" */ = {
			isa = XCConfigurationList;
			buildConfigurations = (
				5BE0AE931F6F9688003F4453 /* Debug */,
				5BE0AE941F6F9688003F4453 /* Release */,
			);
			defaultConfigurationIsVisible = 0;
			defaultConfigurationName = Release;
		};
/* End XCConfigurationList section */
	};
	rootObject = 5BE0AE5C1F6F9688003F4453 /* Project object */;
}
